
Microsoft Visual Studio Solution File, Format Version 12.00
Project("{2150E333-8FDC-42A3-9474-1A3956D46DE8}") = "src", "src", "{3A8B6812-B42A-4F1B-962F-E4C2696A6F46}"
	ProjectSection(SolutionItems) = preProject
		src\Lab5\Application\Lab5.Abstraction\bin\Debug\net8.0\Lab5.Abstraction.deps.json = src\Lab5\Application\Lab5.Abstraction\bin\Debug\net8.0\Lab5.Abstraction.deps.json
		src\Lab5\Application\Lab5.Abstraction\bin\Debug\net8.0\Lab5.Abstraction.dll = src\Lab5\Application\Lab5.Abstraction\bin\Debug\net8.0\Lab5.Abstraction.dll
		src\Lab5\Application\Lab5.Abstraction\bin\Debug\net8.0\Lab5.Abstraction.pdb = src\Lab5\Application\Lab5.Abstraction\bin\Debug\net8.0\Lab5.Abstraction.pdb
		src\Lab5\Application\Lab5.Abstraction\bin\Debug\net8.0\Lab5.Abstraction.xml = src\Lab5\Application\Lab5.Abstraction\bin\Debug\net8.0\Lab5.Abstraction.xml
		src\Lab5\Application\Lab5.Abstraction\bin\Debug\net8.0\Lab5.Models.dll = src\Lab5\Application\Lab5.Abstraction\bin\Debug\net8.0\Lab5.Models.dll
		src\Lab5\Application\Lab5.Abstraction\bin\Debug\net8.0\Lab5.Models.pdb = src\Lab5\Application\Lab5.Abstraction\bin\Debug\net8.0\Lab5.Models.pdb
		src\Lab5\Application\Lab5.Abstraction\bin\Debug\net8.0\Lab5.Models.xml = src\Lab5\Application\Lab5.Abstraction\bin\Debug\net8.0\Lab5.Models.xml
		src\Lab5\Application\Lab5.Abstraction\Lab5.Abstraction.csproj = src\Lab5\Application\Lab5.Abstraction\Lab5.Abstraction.csproj
		src\Lab5\Application\Lab5.Abstraction\obj\Debug\net8.0\.NETCoreApp,Version = v8.0.AssemblyAttributes.cs = src\Lab5\Application\Lab5.Abstraction\obj\Debug\net8.0\.NETCoreApp,Version=v8.0.AssemblyAttributes.cs
		src\Lab5\Application\Lab5.Abstraction\obj\Debug\net8.0\Lab5.Abs.015C6DBC.Up2Date = src\Lab5\Application\Lab5.Abstraction\obj\Debug\net8.0\Lab5.Abs.015C6DBC.Up2Date
		src\Lab5\Application\Lab5.Abstraction\obj\Debug\net8.0\Lab5.Abstraction.AssemblyInfo.cs = src\Lab5\Application\Lab5.Abstraction\obj\Debug\net8.0\Lab5.Abstraction.AssemblyInfo.cs
		src\Lab5\Application\Lab5.Abstraction\obj\Debug\net8.0\Lab5.Abstraction.AssemblyInfoInputs.cache = src\Lab5\Application\Lab5.Abstraction\obj\Debug\net8.0\Lab5.Abstraction.AssemblyInfoInputs.cache
		src\Lab5\Application\Lab5.Abstraction\obj\Debug\net8.0\Lab5.Abstraction.assets.cache = src\Lab5\Application\Lab5.Abstraction\obj\Debug\net8.0\Lab5.Abstraction.assets.cache
		src\Lab5\Application\Lab5.Abstraction\obj\Debug\net8.0\Lab5.Abstraction.csproj.AssemblyReference.cache = src\Lab5\Application\Lab5.Abstraction\obj\Debug\net8.0\Lab5.Abstraction.csproj.AssemblyReference.cache
		src\Lab5\Application\Lab5.Abstraction\obj\Debug\net8.0\Lab5.Abstraction.csproj.CoreCompileInputs.cache = src\Lab5\Application\Lab5.Abstraction\obj\Debug\net8.0\Lab5.Abstraction.csproj.CoreCompileInputs.cache
		src\Lab5\Application\Lab5.Abstraction\obj\Debug\net8.0\Lab5.Abstraction.csproj.FileListAbsolute.txt = src\Lab5\Application\Lab5.Abstraction\obj\Debug\net8.0\Lab5.Abstraction.csproj.FileListAbsolute.txt
		src\Lab5\Application\Lab5.Abstraction\obj\Debug\net8.0\Lab5.Abstraction.dll = src\Lab5\Application\Lab5.Abstraction\obj\Debug\net8.0\Lab5.Abstraction.dll
		src\Lab5\Application\Lab5.Abstraction\obj\Debug\net8.0\Lab5.Abstraction.GeneratedMSBuildEditorConfig.editorconfig = src\Lab5\Application\Lab5.Abstraction\obj\Debug\net8.0\Lab5.Abstraction.GeneratedMSBuildEditorConfig.editorconfig
		src\Lab5\Application\Lab5.Abstraction\obj\Debug\net8.0\Lab5.Abstraction.GlobalUsings.g.cs = src\Lab5\Application\Lab5.Abstraction\obj\Debug\net8.0\Lab5.Abstraction.GlobalUsings.g.cs
		src\Lab5\Application\Lab5.Abstraction\obj\Debug\net8.0\Lab5.Abstraction.pdb = src\Lab5\Application\Lab5.Abstraction\obj\Debug\net8.0\Lab5.Abstraction.pdb
		src\Lab5\Application\Lab5.Abstraction\obj\Debug\net8.0\Lab5.Abstraction.sourcelink.json = src\Lab5\Application\Lab5.Abstraction\obj\Debug\net8.0\Lab5.Abstraction.sourcelink.json
		src\Lab5\Application\Lab5.Abstraction\obj\Debug\net8.0\Lab5.Abstraction.xml = src\Lab5\Application\Lab5.Abstraction\obj\Debug\net8.0\Lab5.Abstraction.xml
		src\Lab5\Application\Lab5.Abstraction\obj\Debug\net8.0\ref\Lab5.Abstraction.dll = src\Lab5\Application\Lab5.Abstraction\obj\Debug\net8.0\ref\Lab5.Abstraction.dll
		src\Lab5\Application\Lab5.Abstraction\obj\Debug\net8.0\refint\Lab5.Abstraction.dll = src\Lab5\Application\Lab5.Abstraction\obj\Debug\net8.0\refint\Lab5.Abstraction.dll
		src\Lab5\Application\Lab5.Abstraction\obj\Lab5.Abstraction.csproj.nuget.dgspec.json = src\Lab5\Application\Lab5.Abstraction\obj\Lab5.Abstraction.csproj.nuget.dgspec.json
		src\Lab5\Application\Lab5.Abstraction\obj\Lab5.Abstraction.csproj.nuget.g.props = src\Lab5\Application\Lab5.Abstraction\obj\Lab5.Abstraction.csproj.nuget.g.props
		src\Lab5\Application\Lab5.Abstraction\obj\Lab5.Abstraction.csproj.nuget.g.targets = src\Lab5\Application\Lab5.Abstraction\obj\Lab5.Abstraction.csproj.nuget.g.targets
		src\Lab5\Application\Lab5.Abstraction\obj\project.assets.json = src\Lab5\Application\Lab5.Abstraction\obj\project.assets.json
		src\Lab5\Application\Lab5.Abstraction\obj\project.nuget.cache = src\Lab5\Application\Lab5.Abstraction\obj\project.nuget.cache
		src\Lab5\Application\Lab5.Abstraction\obj\project.packagespec.json = src\Lab5\Application\Lab5.Abstraction\obj\project.packagespec.json
		src\Lab5\Application\Lab5.Abstraction\obj\rider.project.model.nuget.info = src\Lab5\Application\Lab5.Abstraction\obj\rider.project.model.nuget.info
		src\Lab5\Application\Lab5.Abstraction\obj\rider.project.restore.info = src\Lab5\Application\Lab5.Abstraction\obj\rider.project.restore.info
		src\Lab5\Application\Lab5.Abstraction\Repositories\IAdminPasswordRepository.cs = src\Lab5\Application\Lab5.Abstraction\Repositories\IAdminPasswordRepository.cs
		src\Lab5\Application\Lab5.Abstraction\Repositories\IBankAccountOperationsRepository.cs = src\Lab5\Application\Lab5.Abstraction\Repositories\IBankAccountOperationsRepository.cs
		src\Lab5\Application\Lab5.Abstraction\Repositories\IBankAccountRepository.cs = src\Lab5\Application\Lab5.Abstraction\Repositories\IBankAccountRepository.cs
		src\Lab5\Application\Lab5.Application\AdminServices\AdminService.cs = src\Lab5\Application\Lab5.Application\AdminServices\AdminService.cs
		src\Lab5\Application\Lab5.Application\BankAccounts\BankAccountOperationsService.cs = src\Lab5\Application\Lab5.Application\BankAccounts\BankAccountOperationsService.cs
		src\Lab5\Application\Lab5.Application\BankAccounts\BankAccountService.cs = src\Lab5\Application\Lab5.Application\BankAccounts\BankAccountService.cs
		src\Lab5\Application\Lab5.Application\BankAccounts\CurrentBankAccountManager.cs = src\Lab5\Application\Lab5.Application\BankAccounts\CurrentBankAccountManager.cs
		src\Lab5\Application\Lab5.Application\bin\Debug\net8.0\Lab5.Abstraction.dll = src\Lab5\Application\Lab5.Application\bin\Debug\net8.0\Lab5.Abstraction.dll
		src\Lab5\Application\Lab5.Application\bin\Debug\net8.0\Lab5.Abstraction.pdb = src\Lab5\Application\Lab5.Application\bin\Debug\net8.0\Lab5.Abstraction.pdb
		src\Lab5\Application\Lab5.Application\bin\Debug\net8.0\Lab5.Abstraction.xml = src\Lab5\Application\Lab5.Application\bin\Debug\net8.0\Lab5.Abstraction.xml
		src\Lab5\Application\Lab5.Application\bin\Debug\net8.0\Lab5.Application.deps.json = src\Lab5\Application\Lab5.Application\bin\Debug\net8.0\Lab5.Application.deps.json
		src\Lab5\Application\Lab5.Application\bin\Debug\net8.0\Lab5.Application.dll = src\Lab5\Application\Lab5.Application\bin\Debug\net8.0\Lab5.Application.dll
		src\Lab5\Application\Lab5.Application\bin\Debug\net8.0\Lab5.Application.pdb = src\Lab5\Application\Lab5.Application\bin\Debug\net8.0\Lab5.Application.pdb
		src\Lab5\Application\Lab5.Application\bin\Debug\net8.0\Lab5.Application.xml = src\Lab5\Application\Lab5.Application\bin\Debug\net8.0\Lab5.Application.xml
		src\Lab5\Application\Lab5.Application\bin\Debug\net8.0\Lab5.Contracts.dll = src\Lab5\Application\Lab5.Application\bin\Debug\net8.0\Lab5.Contracts.dll
		src\Lab5\Application\Lab5.Application\bin\Debug\net8.0\Lab5.Contracts.pdb = src\Lab5\Application\Lab5.Application\bin\Debug\net8.0\Lab5.Contracts.pdb
		src\Lab5\Application\Lab5.Application\bin\Debug\net8.0\Lab5.Contracts.xml = src\Lab5\Application\Lab5.Application\bin\Debug\net8.0\Lab5.Contracts.xml
		src\Lab5\Application\Lab5.Application\bin\Debug\net8.0\Lab5.Models.dll = src\Lab5\Application\Lab5.Application\bin\Debug\net8.0\Lab5.Models.dll
		src\Lab5\Application\Lab5.Application\bin\Debug\net8.0\Lab5.Models.pdb = src\Lab5\Application\Lab5.Application\bin\Debug\net8.0\Lab5.Models.pdb
		src\Lab5\Application\Lab5.Application\bin\Debug\net8.0\Lab5.Models.xml = src\Lab5\Application\Lab5.Application\bin\Debug\net8.0\Lab5.Models.xml
		src\Lab5\Application\Lab5.Application\Extensions\ServiceCollectionExtensions.cs = src\Lab5\Application\Lab5.Application\Extensions\ServiceCollectionExtensions.cs
		src\Lab5\Application\Lab5.Application\Lab5.Application.csproj = src\Lab5\Application\Lab5.Application\Lab5.Application.csproj
		src\Lab5\Application\Lab5.Application\obj\Debug\net8.0\.NETCoreApp,Version = v8.0.AssemblyAttributes.cs = src\Lab5\Application\Lab5.Application\obj\Debug\net8.0\.NETCoreApp,Version=v8.0.AssemblyAttributes.cs
		src\Lab5\Application\Lab5.Application\obj\Debug\net8.0\Lab5.App.C59FAB00.Up2Date = src\Lab5\Application\Lab5.Application\obj\Debug\net8.0\Lab5.App.C59FAB00.Up2Date
		src\Lab5\Application\Lab5.Application\obj\Debug\net8.0\Lab5.Application.AssemblyInfo.cs = src\Lab5\Application\Lab5.Application\obj\Debug\net8.0\Lab5.Application.AssemblyInfo.cs
		src\Lab5\Application\Lab5.Application\obj\Debug\net8.0\Lab5.Application.AssemblyInfoInputs.cache = src\Lab5\Application\Lab5.Application\obj\Debug\net8.0\Lab5.Application.AssemblyInfoInputs.cache
		src\Lab5\Application\Lab5.Application\obj\Debug\net8.0\Lab5.Application.assets.cache = src\Lab5\Application\Lab5.Application\obj\Debug\net8.0\Lab5.Application.assets.cache
		src\Lab5\Application\Lab5.Application\obj\Debug\net8.0\Lab5.Application.csproj.AssemblyReference.cache = src\Lab5\Application\Lab5.Application\obj\Debug\net8.0\Lab5.Application.csproj.AssemblyReference.cache
		src\Lab5\Application\Lab5.Application\obj\Debug\net8.0\Lab5.Application.csproj.CoreCompileInputs.cache = src\Lab5\Application\Lab5.Application\obj\Debug\net8.0\Lab5.Application.csproj.CoreCompileInputs.cache
		src\Lab5\Application\Lab5.Application\obj\Debug\net8.0\Lab5.Application.csproj.FileListAbsolute.txt = src\Lab5\Application\Lab5.Application\obj\Debug\net8.0\Lab5.Application.csproj.FileListAbsolute.txt
		src\Lab5\Application\Lab5.Application\obj\Debug\net8.0\Lab5.Application.dll = src\Lab5\Application\Lab5.Application\obj\Debug\net8.0\Lab5.Application.dll
		src\Lab5\Application\Lab5.Application\obj\Debug\net8.0\Lab5.Application.GeneratedMSBuildEditorConfig.editorconfig = src\Lab5\Application\Lab5.Application\obj\Debug\net8.0\Lab5.Application.GeneratedMSBuildEditorConfig.editorconfig
		src\Lab5\Application\Lab5.Application\obj\Debug\net8.0\Lab5.Application.GlobalUsings.g.cs = src\Lab5\Application\Lab5.Application\obj\Debug\net8.0\Lab5.Application.GlobalUsings.g.cs
		src\Lab5\Application\Lab5.Application\obj\Debug\net8.0\Lab5.Application.pdb = src\Lab5\Application\Lab5.Application\obj\Debug\net8.0\Lab5.Application.pdb
		src\Lab5\Application\Lab5.Application\obj\Debug\net8.0\Lab5.Application.sourcelink.json = src\Lab5\Application\Lab5.Application\obj\Debug\net8.0\Lab5.Application.sourcelink.json
		src\Lab5\Application\Lab5.Application\obj\Debug\net8.0\Lab5.Application.xml = src\Lab5\Application\Lab5.Application\obj\Debug\net8.0\Lab5.Application.xml
		src\Lab5\Application\Lab5.Application\obj\Debug\net8.0\ref\Lab5.Application.dll = src\Lab5\Application\Lab5.Application\obj\Debug\net8.0\ref\Lab5.Application.dll
		src\Lab5\Application\Lab5.Application\obj\Debug\net8.0\refint\Lab5.Application.dll = src\Lab5\Application\Lab5.Application\obj\Debug\net8.0\refint\Lab5.Application.dll
		src\Lab5\Application\Lab5.Application\obj\Lab5.Application.csproj.nuget.dgspec.json = src\Lab5\Application\Lab5.Application\obj\Lab5.Application.csproj.nuget.dgspec.json
		src\Lab5\Application\Lab5.Application\obj\Lab5.Application.csproj.nuget.g.props = src\Lab5\Application\Lab5.Application\obj\Lab5.Application.csproj.nuget.g.props
		src\Lab5\Application\Lab5.Application\obj\Lab5.Application.csproj.nuget.g.targets = src\Lab5\Application\Lab5.Application\obj\Lab5.Application.csproj.nuget.g.targets
		src\Lab5\Application\Lab5.Application\obj\project.assets.json = src\Lab5\Application\Lab5.Application\obj\project.assets.json
		src\Lab5\Application\Lab5.Application\obj\project.nuget.cache = src\Lab5\Application\Lab5.Application\obj\project.nuget.cache
		src\Lab5\Application\Lab5.Application\obj\project.packagespec.json = src\Lab5\Application\Lab5.Application\obj\project.packagespec.json
		src\Lab5\Application\Lab5.Application\obj\rider.project.model.nuget.info = src\Lab5\Application\Lab5.Application\obj\rider.project.model.nuget.info
		src\Lab5\Application\Lab5.Application\obj\rider.project.restore.info = src\Lab5\Application\Lab5.Application\obj\rider.project.restore.info
		src\Lab5\Application\Lab5.Application\User\CurrentUserTypeManager.cs = src\Lab5\Application\Lab5.Application\User\CurrentUserTypeManager.cs
		src\Lab5\Application\Lab5.Application\User\UserService.cs = src\Lab5\Application\Lab5.Application\User\UserService.cs
		src\Lab5\Application\Lab5.Contracts\Admins\IAdminService.cs = src\Lab5\Application\Lab5.Contracts\Admins\IAdminService.cs
		src\Lab5\Application\Lab5.Contracts\Admins\ResultTypes\ChangePasswordResult.cs = src\Lab5\Application\Lab5.Contracts\Admins\ResultTypes\ChangePasswordResult.cs
		src\Lab5\Application\Lab5.Contracts\Admins\ResultTypes\CreateBankAccountResult.cs = src\Lab5\Application\Lab5.Contracts\Admins\ResultTypes\CreateBankAccountResult.cs
		src\Lab5\Application\Lab5.Contracts\Admins\ResultTypes\LoginResult.cs = src\Lab5\Application\Lab5.Contracts\Admins\ResultTypes\LoginResult.cs
		src\Lab5\Application\Lab5.Contracts\Admins\ResultTypes\LogoutResult.cs = src\Lab5\Application\Lab5.Contracts\Admins\ResultTypes\LogoutResult.cs
		src\Lab5\Application\Lab5.Contracts\BankAccounts\IBankAccountOperationsService.cs = src\Lab5\Application\Lab5.Contracts\BankAccounts\IBankAccountOperationsService.cs
		src\Lab5\Application\Lab5.Contracts\BankAccounts\IBankAccountService.cs = src\Lab5\Application\Lab5.Contracts\BankAccounts\IBankAccountService.cs
		src\Lab5\Application\Lab5.Contracts\BankAccounts\ICurrentBankAccountService.cs = src\Lab5\Application\Lab5.Contracts\BankAccounts\ICurrentBankAccountService.cs
		src\Lab5\Application\Lab5.Contracts\BankAccounts\ResultTypes\AddOperationResult.cs = src\Lab5\Application\Lab5.Contracts\BankAccounts\ResultTypes\AddOperationResult.cs
		src\Lab5\Application\Lab5.Contracts\BankAccounts\ResultTypes\DepositResult.cs = src\Lab5\Application\Lab5.Contracts\BankAccounts\ResultTypes\DepositResult.cs
		src\Lab5\Application\Lab5.Contracts\BankAccounts\ResultTypes\GetBalanceResult.cs = src\Lab5\Application\Lab5.Contracts\BankAccounts\ResultTypes\GetBalanceResult.cs
		src\Lab5\Application\Lab5.Contracts\BankAccounts\ResultTypes\GetHistoryResult.cs = src\Lab5\Application\Lab5.Contracts\BankAccounts\ResultTypes\GetHistoryResult.cs
		src\Lab5\Application\Lab5.Contracts\BankAccounts\ResultTypes\WithdrawResult.cs = src\Lab5\Application\Lab5.Contracts\BankAccounts\ResultTypes\WithdrawResult.cs
		src\Lab5\Application\Lab5.Contracts\bin\Debug\net8.0\Lab5.Contracts.deps.json = src\Lab5\Application\Lab5.Contracts\bin\Debug\net8.0\Lab5.Contracts.deps.json
		src\Lab5\Application\Lab5.Contracts\bin\Debug\net8.0\Lab5.Contracts.dll = src\Lab5\Application\Lab5.Contracts\bin\Debug\net8.0\Lab5.Contracts.dll
		src\Lab5\Application\Lab5.Contracts\bin\Debug\net8.0\Lab5.Contracts.pdb = src\Lab5\Application\Lab5.Contracts\bin\Debug\net8.0\Lab5.Contracts.pdb
		src\Lab5\Application\Lab5.Contracts\bin\Debug\net8.0\Lab5.Contracts.xml = src\Lab5\Application\Lab5.Contracts\bin\Debug\net8.0\Lab5.Contracts.xml
		src\Lab5\Application\Lab5.Contracts\bin\Debug\net8.0\Lab5.Models.dll = src\Lab5\Application\Lab5.Contracts\bin\Debug\net8.0\Lab5.Models.dll
		src\Lab5\Application\Lab5.Contracts\bin\Debug\net8.0\Lab5.Models.pdb = src\Lab5\Application\Lab5.Contracts\bin\Debug\net8.0\Lab5.Models.pdb
		src\Lab5\Application\Lab5.Contracts\bin\Debug\net8.0\Lab5.Models.xml = src\Lab5\Application\Lab5.Contracts\bin\Debug\net8.0\Lab5.Models.xml
		src\Lab5\Application\Lab5.Contracts\Lab5.Contracts.csproj = src\Lab5\Application\Lab5.Contracts\Lab5.Contracts.csproj
		src\Lab5\Application\Lab5.Contracts\obj\Debug\net8.0\.NETCoreApp,Version = v8.0.AssemblyAttributes.cs = src\Lab5\Application\Lab5.Contracts\obj\Debug\net8.0\.NETCoreApp,Version=v8.0.AssemblyAttributes.cs
		src\Lab5\Application\Lab5.Contracts\obj\Debug\net8.0\Lab5.Con.9B32B70E.Up2Date = src\Lab5\Application\Lab5.Contracts\obj\Debug\net8.0\Lab5.Con.9B32B70E.Up2Date
		src\Lab5\Application\Lab5.Contracts\obj\Debug\net8.0\Lab5.Contracts.AssemblyInfo.cs = src\Lab5\Application\Lab5.Contracts\obj\Debug\net8.0\Lab5.Contracts.AssemblyInfo.cs
		src\Lab5\Application\Lab5.Contracts\obj\Debug\net8.0\Lab5.Contracts.AssemblyInfoInputs.cache = src\Lab5\Application\Lab5.Contracts\obj\Debug\net8.0\Lab5.Contracts.AssemblyInfoInputs.cache
		src\Lab5\Application\Lab5.Contracts\obj\Debug\net8.0\Lab5.Contracts.assets.cache = src\Lab5\Application\Lab5.Contracts\obj\Debug\net8.0\Lab5.Contracts.assets.cache
		src\Lab5\Application\Lab5.Contracts\obj\Debug\net8.0\Lab5.Contracts.csproj.AssemblyReference.cache = src\Lab5\Application\Lab5.Contracts\obj\Debug\net8.0\Lab5.Contracts.csproj.AssemblyReference.cache
		src\Lab5\Application\Lab5.Contracts\obj\Debug\net8.0\Lab5.Contracts.csproj.CoreCompileInputs.cache = src\Lab5\Application\Lab5.Contracts\obj\Debug\net8.0\Lab5.Contracts.csproj.CoreCompileInputs.cache
		src\Lab5\Application\Lab5.Contracts\obj\Debug\net8.0\Lab5.Contracts.csproj.FileListAbsolute.txt = src\Lab5\Application\Lab5.Contracts\obj\Debug\net8.0\Lab5.Contracts.csproj.FileListAbsolute.txt
		src\Lab5\Application\Lab5.Contracts\obj\Debug\net8.0\Lab5.Contracts.dll = src\Lab5\Application\Lab5.Contracts\obj\Debug\net8.0\Lab5.Contracts.dll
		src\Lab5\Application\Lab5.Contracts\obj\Debug\net8.0\Lab5.Contracts.GeneratedMSBuildEditorConfig.editorconfig = src\Lab5\Application\Lab5.Contracts\obj\Debug\net8.0\Lab5.Contracts.GeneratedMSBuildEditorConfig.editorconfig
		src\Lab5\Application\Lab5.Contracts\obj\Debug\net8.0\Lab5.Contracts.GlobalUsings.g.cs = src\Lab5\Application\Lab5.Contracts\obj\Debug\net8.0\Lab5.Contracts.GlobalUsings.g.cs
		src\Lab5\Application\Lab5.Contracts\obj\Debug\net8.0\Lab5.Contracts.pdb = src\Lab5\Application\Lab5.Contracts\obj\Debug\net8.0\Lab5.Contracts.pdb
		src\Lab5\Application\Lab5.Contracts\obj\Debug\net8.0\Lab5.Contracts.sourcelink.json = src\Lab5\Application\Lab5.Contracts\obj\Debug\net8.0\Lab5.Contracts.sourcelink.json
		src\Lab5\Application\Lab5.Contracts\obj\Debug\net8.0\Lab5.Contracts.xml = src\Lab5\Application\Lab5.Contracts\obj\Debug\net8.0\Lab5.Contracts.xml
		src\Lab5\Application\Lab5.Contracts\obj\Debug\net8.0\ref\Lab5.Contracts.dll = src\Lab5\Application\Lab5.Contracts\obj\Debug\net8.0\ref\Lab5.Contracts.dll
		src\Lab5\Application\Lab5.Contracts\obj\Debug\net8.0\refint\Lab5.Contracts.dll = src\Lab5\Application\Lab5.Contracts\obj\Debug\net8.0\refint\Lab5.Contracts.dll
		src\Lab5\Application\Lab5.Contracts\obj\Lab5.Contracts.csproj.nuget.dgspec.json = src\Lab5\Application\Lab5.Contracts\obj\Lab5.Contracts.csproj.nuget.dgspec.json
		src\Lab5\Application\Lab5.Contracts\obj\Lab5.Contracts.csproj.nuget.g.props = src\Lab5\Application\Lab5.Contracts\obj\Lab5.Contracts.csproj.nuget.g.props
		src\Lab5\Application\Lab5.Contracts\obj\Lab5.Contracts.csproj.nuget.g.targets = src\Lab5\Application\Lab5.Contracts\obj\Lab5.Contracts.csproj.nuget.g.targets
		src\Lab5\Application\Lab5.Contracts\obj\project.assets.json = src\Lab5\Application\Lab5.Contracts\obj\project.assets.json
		src\Lab5\Application\Lab5.Contracts\obj\project.nuget.cache = src\Lab5\Application\Lab5.Contracts\obj\project.nuget.cache
		src\Lab5\Application\Lab5.Contracts\obj\project.packagespec.json = src\Lab5\Application\Lab5.Contracts\obj\project.packagespec.json
		src\Lab5\Application\Lab5.Contracts\obj\rider.project.model.nuget.info = src\Lab5\Application\Lab5.Contracts\obj\rider.project.model.nuget.info
		src\Lab5\Application\Lab5.Contracts\obj\rider.project.restore.info = src\Lab5\Application\Lab5.Contracts\obj\rider.project.restore.info
		src\Lab5\Application\Lab5.Contracts\User\ICurrentUserTypeService.cs = src\Lab5\Application\Lab5.Contracts\User\ICurrentUserTypeService.cs
		src\Lab5\Application\Lab5.Contracts\User\IUserService.cs = src\Lab5\Application\Lab5.Contracts\User\IUserService.cs
		src\Lab5\Application\Lab5.Models\BankAccounts\BankAccount.cs = src\Lab5\Application\Lab5.Models\BankAccounts\BankAccount.cs
		src\Lab5\Application\Lab5.Models\BankAccounts\Operations\Operation.cs = src\Lab5\Application\Lab5.Models\BankAccounts\Operations\Operation.cs
		src\Lab5\Application\Lab5.Models\BankAccounts\Operations\OperationType.cs = src\Lab5\Application\Lab5.Models\BankAccounts\Operations\OperationType.cs
		src\Lab5\Application\Lab5.Models\BankAccounts\PinCode.cs = src\Lab5\Application\Lab5.Models\BankAccounts\PinCode.cs
		src\Lab5\Application\Lab5.Models\bin\Debug\net8.0\Lab5.Models.deps.json = src\Lab5\Application\Lab5.Models\bin\Debug\net8.0\Lab5.Models.deps.json
		src\Lab5\Application\Lab5.Models\bin\Debug\net8.0\Lab5.Models.dll = src\Lab5\Application\Lab5.Models\bin\Debug\net8.0\Lab5.Models.dll
		src\Lab5\Application\Lab5.Models\bin\Debug\net8.0\Lab5.Models.pdb = src\Lab5\Application\Lab5.Models\bin\Debug\net8.0\Lab5.Models.pdb
		src\Lab5\Application\Lab5.Models\bin\Debug\net8.0\Lab5.Models.xml = src\Lab5\Application\Lab5.Models\bin\Debug\net8.0\Lab5.Models.xml
		src\Lab5\Application\Lab5.Models\Lab5.Models.csproj = src\Lab5\Application\Lab5.Models\Lab5.Models.csproj
		src\Lab5\Application\Lab5.Models\obj\Debug\net8.0\.NETCoreApp,Version = v8.0.AssemblyAttributes.cs = src\Lab5\Application\Lab5.Models\obj\Debug\net8.0\.NETCoreApp,Version=v8.0.AssemblyAttributes.cs
		src\Lab5\Application\Lab5.Models\obj\Debug\net8.0\Lab5.Models.AssemblyInfo.cs = src\Lab5\Application\Lab5.Models\obj\Debug\net8.0\Lab5.Models.AssemblyInfo.cs
		src\Lab5\Application\Lab5.Models\obj\Debug\net8.0\Lab5.Models.AssemblyInfoInputs.cache = src\Lab5\Application\Lab5.Models\obj\Debug\net8.0\Lab5.Models.AssemblyInfoInputs.cache
		src\Lab5\Application\Lab5.Models\obj\Debug\net8.0\Lab5.Models.assets.cache = src\Lab5\Application\Lab5.Models\obj\Debug\net8.0\Lab5.Models.assets.cache
		src\Lab5\Application\Lab5.Models\obj\Debug\net8.0\Lab5.Models.csproj.AssemblyReference.cache = src\Lab5\Application\Lab5.Models\obj\Debug\net8.0\Lab5.Models.csproj.AssemblyReference.cache
		src\Lab5\Application\Lab5.Models\obj\Debug\net8.0\Lab5.Models.csproj.CoreCompileInputs.cache = src\Lab5\Application\Lab5.Models\obj\Debug\net8.0\Lab5.Models.csproj.CoreCompileInputs.cache
		src\Lab5\Application\Lab5.Models\obj\Debug\net8.0\Lab5.Models.csproj.FileListAbsolute.txt = src\Lab5\Application\Lab5.Models\obj\Debug\net8.0\Lab5.Models.csproj.FileListAbsolute.txt
		src\Lab5\Application\Lab5.Models\obj\Debug\net8.0\Lab5.Models.dll = src\Lab5\Application\Lab5.Models\obj\Debug\net8.0\Lab5.Models.dll
		src\Lab5\Application\Lab5.Models\obj\Debug\net8.0\Lab5.Models.GeneratedMSBuildEditorConfig.editorconfig = src\Lab5\Application\Lab5.Models\obj\Debug\net8.0\Lab5.Models.GeneratedMSBuildEditorConfig.editorconfig
		src\Lab5\Application\Lab5.Models\obj\Debug\net8.0\Lab5.Models.GlobalUsings.g.cs = src\Lab5\Application\Lab5.Models\obj\Debug\net8.0\Lab5.Models.GlobalUsings.g.cs
		src\Lab5\Application\Lab5.Models\obj\Debug\net8.0\Lab5.Models.pdb = src\Lab5\Application\Lab5.Models\obj\Debug\net8.0\Lab5.Models.pdb
		src\Lab5\Application\Lab5.Models\obj\Debug\net8.0\Lab5.Models.sourcelink.json = src\Lab5\Application\Lab5.Models\obj\Debug\net8.0\Lab5.Models.sourcelink.json
		src\Lab5\Application\Lab5.Models\obj\Debug\net8.0\Lab5.Models.xml = src\Lab5\Application\Lab5.Models\obj\Debug\net8.0\Lab5.Models.xml
		src\Lab5\Application\Lab5.Models\obj\Debug\net8.0\ref\Lab5.Models.dll = src\Lab5\Application\Lab5.Models\obj\Debug\net8.0\ref\Lab5.Models.dll
		src\Lab5\Application\Lab5.Models\obj\Debug\net8.0\refint\Lab5.Models.dll = src\Lab5\Application\Lab5.Models\obj\Debug\net8.0\refint\Lab5.Models.dll
		src\Lab5\Application\Lab5.Models\obj\Lab5.Models.csproj.nuget.dgspec.json = src\Lab5\Application\Lab5.Models\obj\Lab5.Models.csproj.nuget.dgspec.json
		src\Lab5\Application\Lab5.Models\obj\Lab5.Models.csproj.nuget.g.props = src\Lab5\Application\Lab5.Models\obj\Lab5.Models.csproj.nuget.g.props
		src\Lab5\Application\Lab5.Models\obj\Lab5.Models.csproj.nuget.g.targets = src\Lab5\Application\Lab5.Models\obj\Lab5.Models.csproj.nuget.g.targets
		src\Lab5\Application\Lab5.Models\obj\project.assets.json = src\Lab5\Application\Lab5.Models\obj\project.assets.json
		src\Lab5\Application\Lab5.Models\obj\project.nuget.cache = src\Lab5\Application\Lab5.Models\obj\project.nuget.cache
		src\Lab5\Application\Lab5.Models\obj\project.packagespec.json = src\Lab5\Application\Lab5.Models\obj\project.packagespec.json
		src\Lab5\Application\Lab5.Models\obj\rider.project.model.nuget.info = src\Lab5\Application\Lab5.Models\obj\rider.project.model.nuget.info
		src\Lab5\Application\Lab5.Models\obj\rider.project.restore.info = src\Lab5\Application\Lab5.Models\obj\rider.project.restore.info
		src\Lab5\Application\Lab5.Models\Users\UserType.cs = src\Lab5\Application\Lab5.Models\Users\UserType.cs
		src\Lab5\Infrastructure\Lab5.Infrastructure.DataAccess\bin\Debug\net8.0\Lab5.Abstraction.dll = src\Lab5\Infrastructure\Lab5.Infrastructure.DataAccess\bin\Debug\net8.0\Lab5.Abstraction.dll
		src\Lab5\Infrastructure\Lab5.Infrastructure.DataAccess\bin\Debug\net8.0\Lab5.Abstraction.pdb = src\Lab5\Infrastructure\Lab5.Infrastructure.DataAccess\bin\Debug\net8.0\Lab5.Abstraction.pdb
		src\Lab5\Infrastructure\Lab5.Infrastructure.DataAccess\bin\Debug\net8.0\Lab5.Abstraction.xml = src\Lab5\Infrastructure\Lab5.Infrastructure.DataAccess\bin\Debug\net8.0\Lab5.Abstraction.xml
		src\Lab5\Infrastructure\Lab5.Infrastructure.DataAccess\bin\Debug\net8.0\Lab5.Infrastructure.DataAccess.deps.json = src\Lab5\Infrastructure\Lab5.Infrastructure.DataAccess\bin\Debug\net8.0\Lab5.Infrastructure.DataAccess.deps.json
		src\Lab5\Infrastructure\Lab5.Infrastructure.DataAccess\bin\Debug\net8.0\Lab5.Infrastructure.DataAccess.dll = src\Lab5\Infrastructure\Lab5.Infrastructure.DataAccess\bin\Debug\net8.0\Lab5.Infrastructure.DataAccess.dll
		src\Lab5\Infrastructure\Lab5.Infrastructure.DataAccess\bin\Debug\net8.0\Lab5.Infrastructure.DataAccess.pdb = src\Lab5\Infrastructure\Lab5.Infrastructure.DataAccess\bin\Debug\net8.0\Lab5.Infrastructure.DataAccess.pdb
		src\Lab5\Infrastructure\Lab5.Infrastructure.DataAccess\bin\Debug\net8.0\Lab5.Infrastructure.DataAccess.xml = src\Lab5\Infrastructure\Lab5.Infrastructure.DataAccess\bin\Debug\net8.0\Lab5.Infrastructure.DataAccess.xml
		src\Lab5\Infrastructure\Lab5.Infrastructure.DataAccess\bin\Debug\net8.0\Lab5.Models.dll = src\Lab5\Infrastructure\Lab5.Infrastructure.DataAccess\bin\Debug\net8.0\Lab5.Models.dll
		src\Lab5\Infrastructure\Lab5.Infrastructure.DataAccess\bin\Debug\net8.0\Lab5.Models.pdb = src\Lab5\Infrastructure\Lab5.Infrastructure.DataAccess\bin\Debug\net8.0\Lab5.Models.pdb
		src\Lab5\Infrastructure\Lab5.Infrastructure.DataAccess\bin\Debug\net8.0\Lab5.Models.xml = src\Lab5\Infrastructure\Lab5.Infrastructure.DataAccess\bin\Debug\net8.0\Lab5.Models.xml
		src\Lab5\Infrastructure\Lab5.Infrastructure.DataAccess\Extensions\ServiceCollectionExtensions.cs = src\Lab5\Infrastructure\Lab5.Infrastructure.DataAccess\Extensions\ServiceCollectionExtensions.cs
		src\Lab5\Infrastructure\Lab5.Infrastructure.DataAccess\Extensions\ServiceScopeExtensions.cs = src\Lab5\Infrastructure\Lab5.Infrastructure.DataAccess\Extensions\ServiceScopeExtensions.cs
		src\Lab5\Infrastructure\Lab5.Infrastructure.DataAccess\Lab5.Infrastructure.DataAccess.csproj = src\Lab5\Infrastructure\Lab5.Infrastructure.DataAccess\Lab5.Infrastructure.DataAccess.csproj
		src\Lab5\Infrastructure\Lab5.Infrastructure.DataAccess\Migrations\Initial.cs = src\Lab5\Infrastructure\Lab5.Infrastructure.DataAccess\Migrations\Initial.cs
		src\Lab5\Infrastructure\Lab5.Infrastructure.DataAccess\obj\Debug\net8.0\.NETCoreApp,Version = v8.0.AssemblyAttributes.cs = src\Lab5\Infrastructure\Lab5.Infrastructure.DataAccess\obj\Debug\net8.0\.NETCoreApp,Version=v8.0.AssemblyAttributes.cs
		src\Lab5\Infrastructure\Lab5.Infrastructure.DataAccess\obj\Debug\net8.0\Lab5.Inf.0984D5A3.Up2Date = src\Lab5\Infrastructure\Lab5.Infrastructure.DataAccess\obj\Debug\net8.0\Lab5.Inf.0984D5A3.Up2Date
		src\Lab5\Infrastructure\Lab5.Infrastructure.DataAccess\obj\Debug\net8.0\Lab5.Infrastructure.AssemblyInfo.cs = src\Lab5\Infrastructure\Lab5.Infrastructure.DataAccess\obj\Debug\net8.0\Lab5.Infrastructure.AssemblyInfo.cs
		src\Lab5\Infrastructure\Lab5.Infrastructure.DataAccess\obj\Debug\net8.0\Lab5.Infrastructure.AssemblyInfoInputs.cache = src\Lab5\Infrastructure\Lab5.Infrastructure.DataAccess\obj\Debug\net8.0\Lab5.Infrastructure.AssemblyInfoInputs.cache
		src\Lab5\Infrastructure\Lab5.Infrastructure.DataAccess\obj\Debug\net8.0\Lab5.Infrastructure.assets.cache = src\Lab5\Infrastructure\Lab5.Infrastructure.DataAccess\obj\Debug\net8.0\Lab5.Infrastructure.assets.cache
		src\Lab5\Infrastructure\Lab5.Infrastructure.DataAccess\obj\Debug\net8.0\Lab5.Infrastructure.csproj.AssemblyReference.cache = src\Lab5\Infrastructure\Lab5.Infrastructure.DataAccess\obj\Debug\net8.0\Lab5.Infrastructure.csproj.AssemblyReference.cache
		src\Lab5\Infrastructure\Lab5.Infrastructure.DataAccess\obj\Debug\net8.0\Lab5.Infrastructure.DataAccess.AssemblyInfo.cs = src\Lab5\Infrastructure\Lab5.Infrastructure.DataAccess\obj\Debug\net8.0\Lab5.Infrastructure.DataAccess.AssemblyInfo.cs
		src\Lab5\Infrastructure\Lab5.Infrastructure.DataAccess\obj\Debug\net8.0\Lab5.Infrastructure.DataAccess.AssemblyInfoInputs.cache = src\Lab5\Infrastructure\Lab5.Infrastructure.DataAccess\obj\Debug\net8.0\Lab5.Infrastructure.DataAccess.AssemblyInfoInputs.cache
		src\Lab5\Infrastructure\Lab5.Infrastructure.DataAccess\obj\Debug\net8.0\Lab5.Infrastructure.DataAccess.assets.cache = src\Lab5\Infrastructure\Lab5.Infrastructure.DataAccess\obj\Debug\net8.0\Lab5.Infrastructure.DataAccess.assets.cache
		src\Lab5\Infrastructure\Lab5.Infrastructure.DataAccess\obj\Debug\net8.0\Lab5.Infrastructure.DataAccess.csproj.AssemblyReference.cache = src\Lab5\Infrastructure\Lab5.Infrastructure.DataAccess\obj\Debug\net8.0\Lab5.Infrastructure.DataAccess.csproj.AssemblyReference.cache
		src\Lab5\Infrastructure\Lab5.Infrastructure.DataAccess\obj\Debug\net8.0\Lab5.Infrastructure.DataAccess.csproj.CoreCompileInputs.cache = src\Lab5\Infrastructure\Lab5.Infrastructure.DataAccess\obj\Debug\net8.0\Lab5.Infrastructure.DataAccess.csproj.CoreCompileInputs.cache
		src\Lab5\Infrastructure\Lab5.Infrastructure.DataAccess\obj\Debug\net8.0\Lab5.Infrastructure.DataAccess.csproj.FileListAbsolute.txt = src\Lab5\Infrastructure\Lab5.Infrastructure.DataAccess\obj\Debug\net8.0\Lab5.Infrastructure.DataAccess.csproj.FileListAbsolute.txt
		src\Lab5\Infrastructure\Lab5.Infrastructure.DataAccess\obj\Debug\net8.0\Lab5.Infrastructure.DataAccess.dll = src\Lab5\Infrastructure\Lab5.Infrastructure.DataAccess\obj\Debug\net8.0\Lab5.Infrastructure.DataAccess.dll
		src\Lab5\Infrastructure\Lab5.Infrastructure.DataAccess\obj\Debug\net8.0\Lab5.Infrastructure.DataAccess.GeneratedMSBuildEditorConfig.editorconfig = src\Lab5\Infrastructure\Lab5.Infrastructure.DataAccess\obj\Debug\net8.0\Lab5.Infrastructure.DataAccess.GeneratedMSBuildEditorConfig.editorconfig
		src\Lab5\Infrastructure\Lab5.Infrastructure.DataAccess\obj\Debug\net8.0\Lab5.Infrastructure.DataAccess.GlobalUsings.g.cs = src\Lab5\Infrastructure\Lab5.Infrastructure.DataAccess\obj\Debug\net8.0\Lab5.Infrastructure.DataAccess.GlobalUsings.g.cs
		src\Lab5\Infrastructure\Lab5.Infrastructure.DataAccess\obj\Debug\net8.0\Lab5.Infrastructure.DataAccess.pdb = src\Lab5\Infrastructure\Lab5.Infrastructure.DataAccess\obj\Debug\net8.0\Lab5.Infrastructure.DataAccess.pdb
		src\Lab5\Infrastructure\Lab5.Infrastructure.DataAccess\obj\Debug\net8.0\Lab5.Infrastructure.DataAccess.sourcelink.json = src\Lab5\Infrastructure\Lab5.Infrastructure.DataAccess\obj\Debug\net8.0\Lab5.Infrastructure.DataAccess.sourcelink.json
		src\Lab5\Infrastructure\Lab5.Infrastructure.DataAccess\obj\Debug\net8.0\Lab5.Infrastructure.DataAccess.xml = src\Lab5\Infrastructure\Lab5.Infrastructure.DataAccess\obj\Debug\net8.0\Lab5.Infrastructure.DataAccess.xml
		src\Lab5\Infrastructure\Lab5.Infrastructure.DataAccess\obj\Debug\net8.0\Lab5.Infrastructure.GeneratedMSBuildEditorConfig.editorconfig = src\Lab5\Infrastructure\Lab5.Infrastructure.DataAccess\obj\Debug\net8.0\Lab5.Infrastructure.GeneratedMSBuildEditorConfig.editorconfig
		src\Lab5\Infrastructure\Lab5.Infrastructure.DataAccess\obj\Debug\net8.0\Lab5.Infrastructure.GlobalUsings.g.cs = src\Lab5\Infrastructure\Lab5.Infrastructure.DataAccess\obj\Debug\net8.0\Lab5.Infrastructure.GlobalUsings.g.cs
		src\Lab5\Infrastructure\Lab5.Infrastructure.DataAccess\obj\Debug\net8.0\ref\Lab5.Infrastructure.DataAccess.dll = src\Lab5\Infrastructure\Lab5.Infrastructure.DataAccess\obj\Debug\net8.0\ref\Lab5.Infrastructure.DataAccess.dll
		src\Lab5\Infrastructure\Lab5.Infrastructure.DataAccess\obj\Debug\net8.0\refint\Lab5.Infrastructure.DataAccess.dll = src\Lab5\Infrastructure\Lab5.Infrastructure.DataAccess\obj\Debug\net8.0\refint\Lab5.Infrastructure.DataAccess.dll
		src\Lab5\Infrastructure\Lab5.Infrastructure.DataAccess\obj\Lab5.Infrastructure.csproj.nuget.dgspec.json = src\Lab5\Infrastructure\Lab5.Infrastructure.DataAccess\obj\Lab5.Infrastructure.csproj.nuget.dgspec.json
		src\Lab5\Infrastructure\Lab5.Infrastructure.DataAccess\obj\Lab5.Infrastructure.DataAccess.csproj.nuget.dgspec.json = src\Lab5\Infrastructure\Lab5.Infrastructure.DataAccess\obj\Lab5.Infrastructure.DataAccess.csproj.nuget.dgspec.json
		src\Lab5\Infrastructure\Lab5.Infrastructure.DataAccess\obj\Lab5.Infrastructure.DataAccess.csproj.nuget.g.props = src\Lab5\Infrastructure\Lab5.Infrastructure.DataAccess\obj\Lab5.Infrastructure.DataAccess.csproj.nuget.g.props
		src\Lab5\Infrastructure\Lab5.Infrastructure.DataAccess\obj\Lab5.Infrastructure.DataAccess.csproj.nuget.g.targets = src\Lab5\Infrastructure\Lab5.Infrastructure.DataAccess\obj\Lab5.Infrastructure.DataAccess.csproj.nuget.g.targets
		src\Lab5\Infrastructure\Lab5.Infrastructure.DataAccess\obj\project.assets.json = src\Lab5\Infrastructure\Lab5.Infrastructure.DataAccess\obj\project.assets.json
		src\Lab5\Infrastructure\Lab5.Infrastructure.DataAccess\obj\project.nuget.cache = src\Lab5\Infrastructure\Lab5.Infrastructure.DataAccess\obj\project.nuget.cache
		src\Lab5\Infrastructure\Lab5.Infrastructure.DataAccess\obj\project.packagespec.json = src\Lab5\Infrastructure\Lab5.Infrastructure.DataAccess\obj\project.packagespec.json
		src\Lab5\Infrastructure\Lab5.Infrastructure.DataAccess\obj\rider.project.model.nuget.info = src\Lab5\Infrastructure\Lab5.Infrastructure.DataAccess\obj\rider.project.model.nuget.info
		src\Lab5\Infrastructure\Lab5.Infrastructure.DataAccess\obj\rider.project.restore.info = src\Lab5\Infrastructure\Lab5.Infrastructure.DataAccess\obj\rider.project.restore.info
		src\Lab5\Infrastructure\Lab5.Infrastructure.DataAccess\Plugins\MappingPlugin.cs = src\Lab5\Infrastructure\Lab5.Infrastructure.DataAccess\Plugins\MappingPlugin.cs
		src\Lab5\Infrastructure\Lab5.Infrastructure.DataAccess\Repositories\AdminPasswordRepository.cs = src\Lab5\Infrastructure\Lab5.Infrastructure.DataAccess\Repositories\AdminPasswordRepository.cs
		src\Lab5\Infrastructure\Lab5.Infrastructure.DataAccess\Repositories\BankAccountOperationRepository.cs = src\Lab5\Infrastructure\Lab5.Infrastructure.DataAccess\Repositories\BankAccountOperationRepository.cs
		src\Lab5\Infrastructure\Lab5.Infrastructure.DataAccess\Repositories\BankAccountRepository.cs = src\Lab5\Infrastructure\Lab5.Infrastructure.DataAccess\Repositories\BankAccountRepository.cs
		src\Lab5\Lab5.Runner\bin\Debug\net8.0\Azure.Core.dll = src\Lab5\Lab5.Runner\bin\Debug\net8.0\Azure.Core.dll
		src\Lab5\Lab5.Runner\bin\Debug\net8.0\Azure.Identity.dll = src\Lab5\Lab5.Runner\bin\Debug\net8.0\Azure.Identity.dll
		src\Lab5\Lab5.Runner\bin\Debug\net8.0\de-DE\FluentMigrator.Abstractions.resources.dll = src\Lab5\Lab5.Runner\bin\Debug\net8.0\de-DE\FluentMigrator.Abstractions.resources.dll
		src\Lab5\Lab5.Runner\bin\Debug\net8.0\FirebirdSql.Data.FirebirdClient.dll = src\Lab5\Lab5.Runner\bin\Debug\net8.0\FirebirdSql.Data.FirebirdClient.dll
		src\Lab5\Lab5.Runner\bin\Debug\net8.0\FluentMigrator.Abstractions.dll = src\Lab5\Lab5.Runner\bin\Debug\net8.0\FluentMigrator.Abstractions.dll
		src\Lab5\Lab5.Runner\bin\Debug\net8.0\FluentMigrator.dll = src\Lab5\Lab5.Runner\bin\Debug\net8.0\FluentMigrator.dll
		src\Lab5\Lab5.Runner\bin\Debug\net8.0\FluentMigrator.Extensions.MySql.dll = src\Lab5\Lab5.Runner\bin\Debug\net8.0\FluentMigrator.Extensions.MySql.dll
		src\Lab5\Lab5.Runner\bin\Debug\net8.0\FluentMigrator.Extensions.Oracle.dll = src\Lab5\Lab5.Runner\bin\Debug\net8.0\FluentMigrator.Extensions.Oracle.dll
		src\Lab5\Lab5.Runner\bin\Debug\net8.0\FluentMigrator.Extensions.Postgres.dll = src\Lab5\Lab5.Runner\bin\Debug\net8.0\FluentMigrator.Extensions.Postgres.dll
		src\Lab5\Lab5.Runner\bin\Debug\net8.0\FluentMigrator.Extensions.Snowflake.dll = src\Lab5\Lab5.Runner\bin\Debug\net8.0\FluentMigrator.Extensions.Snowflake.dll
		src\Lab5\Lab5.Runner\bin\Debug\net8.0\FluentMigrator.Extensions.SqlServer.dll = src\Lab5\Lab5.Runner\bin\Debug\net8.0\FluentMigrator.Extensions.SqlServer.dll
		src\Lab5\Lab5.Runner\bin\Debug\net8.0\FluentMigrator.Runner.Core.dll = src\Lab5\Lab5.Runner\bin\Debug\net8.0\FluentMigrator.Runner.Core.dll
		src\Lab5\Lab5.Runner\bin\Debug\net8.0\FluentMigrator.Runner.Db2.dll = src\Lab5\Lab5.Runner\bin\Debug\net8.0\FluentMigrator.Runner.Db2.dll
		src\Lab5\Lab5.Runner\bin\Debug\net8.0\FluentMigrator.Runner.dll = src\Lab5\Lab5.Runner\bin\Debug\net8.0\FluentMigrator.Runner.dll
		src\Lab5\Lab5.Runner\bin\Debug\net8.0\FluentMigrator.Runner.Firebird.dll = src\Lab5\Lab5.Runner\bin\Debug\net8.0\FluentMigrator.Runner.Firebird.dll
		src\Lab5\Lab5.Runner\bin\Debug\net8.0\FluentMigrator.Runner.Hana.dll = src\Lab5\Lab5.Runner\bin\Debug\net8.0\FluentMigrator.Runner.Hana.dll
		src\Lab5\Lab5.Runner\bin\Debug\net8.0\FluentMigrator.Runner.MySql.dll = src\Lab5\Lab5.Runner\bin\Debug\net8.0\FluentMigrator.Runner.MySql.dll
		src\Lab5\Lab5.Runner\bin\Debug\net8.0\FluentMigrator.Runner.Oracle.dll = src\Lab5\Lab5.Runner\bin\Debug\net8.0\FluentMigrator.Runner.Oracle.dll
		src\Lab5\Lab5.Runner\bin\Debug\net8.0\FluentMigrator.Runner.Postgres.dll = src\Lab5\Lab5.Runner\bin\Debug\net8.0\FluentMigrator.Runner.Postgres.dll
		src\Lab5\Lab5.Runner\bin\Debug\net8.0\FluentMigrator.Runner.Redshift.dll = src\Lab5\Lab5.Runner\bin\Debug\net8.0\FluentMigrator.Runner.Redshift.dll
		src\Lab5\Lab5.Runner\bin\Debug\net8.0\FluentMigrator.Runner.Snowflake.dll = src\Lab5\Lab5.Runner\bin\Debug\net8.0\FluentMigrator.Runner.Snowflake.dll
		src\Lab5\Lab5.Runner\bin\Debug\net8.0\FluentMigrator.Runner.SQLite.dll = src\Lab5\Lab5.Runner\bin\Debug\net8.0\FluentMigrator.Runner.SQLite.dll
		src\Lab5\Lab5.Runner\bin\Debug\net8.0\FluentMigrator.Runner.SqlServer.dll = src\Lab5\Lab5.Runner\bin\Debug\net8.0\FluentMigrator.Runner.SqlServer.dll
		src\Lab5\Lab5.Runner\bin\Debug\net8.0\Itmo.Dev.Editorconfig.dll = src\Lab5\Lab5.Runner\bin\Debug\net8.0\Itmo.Dev.Editorconfig.dll
		src\Lab5\Lab5.Runner\bin\Debug\net8.0\Itmo.Dev.Platform.Common.dll = src\Lab5\Lab5.Runner\bin\Debug\net8.0\Itmo.Dev.Platform.Common.dll
		src\Lab5\Lab5.Runner\bin\Debug\net8.0\Itmo.Dev.Platform.Postgres.dll = src\Lab5\Lab5.Runner\bin\Debug\net8.0\Itmo.Dev.Platform.Postgres.dll
		src\Lab5\Lab5.Runner\bin\Debug\net8.0\Lab5.Abstraction.dll = src\Lab5\Lab5.Runner\bin\Debug\net8.0\Lab5.Abstraction.dll
		src\Lab5\Lab5.Runner\bin\Debug\net8.0\Lab5.Abstraction.pdb = src\Lab5\Lab5.Runner\bin\Debug\net8.0\Lab5.Abstraction.pdb
		src\Lab5\Lab5.Runner\bin\Debug\net8.0\Lab5.Abstraction.xml = src\Lab5\Lab5.Runner\bin\Debug\net8.0\Lab5.Abstraction.xml
		src\Lab5\Lab5.Runner\bin\Debug\net8.0\Lab5.Application.dll = src\Lab5\Lab5.Runner\bin\Debug\net8.0\Lab5.Application.dll
		src\Lab5\Lab5.Runner\bin\Debug\net8.0\Lab5.Application.pdb = src\Lab5\Lab5.Runner\bin\Debug\net8.0\Lab5.Application.pdb
		src\Lab5\Lab5.Runner\bin\Debug\net8.0\Lab5.Application.xml = src\Lab5\Lab5.Runner\bin\Debug\net8.0\Lab5.Application.xml
		src\Lab5\Lab5.Runner\bin\Debug\net8.0\Lab5.Contracts.dll = src\Lab5\Lab5.Runner\bin\Debug\net8.0\Lab5.Contracts.dll
		src\Lab5\Lab5.Runner\bin\Debug\net8.0\Lab5.Contracts.pdb = src\Lab5\Lab5.Runner\bin\Debug\net8.0\Lab5.Contracts.pdb
		src\Lab5\Lab5.Runner\bin\Debug\net8.0\Lab5.Contracts.xml = src\Lab5\Lab5.Runner\bin\Debug\net8.0\Lab5.Contracts.xml
		src\Lab5\Lab5.Runner\bin\Debug\net8.0\Lab5.Infrastructure.DataAccess.dll = src\Lab5\Lab5.Runner\bin\Debug\net8.0\Lab5.Infrastructure.DataAccess.dll
		src\Lab5\Lab5.Runner\bin\Debug\net8.0\Lab5.Infrastructure.DataAccess.pdb = src\Lab5\Lab5.Runner\bin\Debug\net8.0\Lab5.Infrastructure.DataAccess.pdb
		src\Lab5\Lab5.Runner\bin\Debug\net8.0\Lab5.Infrastructure.DataAccess.xml = src\Lab5\Lab5.Runner\bin\Debug\net8.0\Lab5.Infrastructure.DataAccess.xml
		src\Lab5\Lab5.Runner\bin\Debug\net8.0\Lab5.Models.dll = src\Lab5\Lab5.Runner\bin\Debug\net8.0\Lab5.Models.dll
		src\Lab5\Lab5.Runner\bin\Debug\net8.0\Lab5.Models.pdb = src\Lab5\Lab5.Runner\bin\Debug\net8.0\Lab5.Models.pdb
		src\Lab5\Lab5.Runner\bin\Debug\net8.0\Lab5.Models.xml = src\Lab5\Lab5.Runner\bin\Debug\net8.0\Lab5.Models.xml
		src\Lab5\Lab5.Runner\bin\Debug\net8.0\Lab5.Presentation.Console.dll = src\Lab5\Lab5.Runner\bin\Debug\net8.0\Lab5.Presentation.Console.dll
		src\Lab5\Lab5.Runner\bin\Debug\net8.0\Lab5.Presentation.Console.pdb = src\Lab5\Lab5.Runner\bin\Debug\net8.0\Lab5.Presentation.Console.pdb
		src\Lab5\Lab5.Runner\bin\Debug\net8.0\Lab5.Presentation.Console.xml = src\Lab5\Lab5.Runner\bin\Debug\net8.0\Lab5.Presentation.Console.xml
		src\Lab5\Lab5.Runner\bin\Debug\net8.0\Lab5.Runner.deps.json = src\Lab5\Lab5.Runner\bin\Debug\net8.0\Lab5.Runner.deps.json
		src\Lab5\Lab5.Runner\bin\Debug\net8.0\Lab5.Runner.dll = src\Lab5\Lab5.Runner\bin\Debug\net8.0\Lab5.Runner.dll
		src\Lab5\Lab5.Runner\bin\Debug\net8.0\Lab5.Runner.exe = src\Lab5\Lab5.Runner\bin\Debug\net8.0\Lab5.Runner.exe
		src\Lab5\Lab5.Runner\bin\Debug\net8.0\Lab5.Runner.pdb = src\Lab5\Lab5.Runner\bin\Debug\net8.0\Lab5.Runner.pdb
		src\Lab5\Lab5.Runner\bin\Debug\net8.0\Lab5.Runner.runtimeconfig.json = src\Lab5\Lab5.Runner\bin\Debug\net8.0\Lab5.Runner.runtimeconfig.json
		src\Lab5\Lab5.Runner\bin\Debug\net8.0\Lab5.Runner.xml = src\Lab5\Lab5.Runner\bin\Debug\net8.0\Lab5.Runner.xml
		src\Lab5\Lab5.Runner\bin\Debug\net8.0\Microsoft.Bcl.AsyncInterfaces.dll = src\Lab5\Lab5.Runner\bin\Debug\net8.0\Microsoft.Bcl.AsyncInterfaces.dll
		src\Lab5\Lab5.Runner\bin\Debug\net8.0\Microsoft.Data.SqlClient.dll = src\Lab5\Lab5.Runner\bin\Debug\net8.0\Microsoft.Data.SqlClient.dll
		src\Lab5\Lab5.Runner\bin\Debug\net8.0\Microsoft.Extensions.Configuration.Abstractions.dll = src\Lab5\Lab5.Runner\bin\Debug\net8.0\Microsoft.Extensions.Configuration.Abstractions.dll
		src\Lab5\Lab5.Runner\bin\Debug\net8.0\Microsoft.Extensions.Configuration.Binder.dll = src\Lab5\Lab5.Runner\bin\Debug\net8.0\Microsoft.Extensions.Configuration.Binder.dll
		src\Lab5\Lab5.Runner\bin\Debug\net8.0\Microsoft.Extensions.DependencyInjection.Abstractions.dll = src\Lab5\Lab5.Runner\bin\Debug\net8.0\Microsoft.Extensions.DependencyInjection.Abstractions.dll
		src\Lab5\Lab5.Runner\bin\Debug\net8.0\Microsoft.Extensions.DependencyInjection.dll = src\Lab5\Lab5.Runner\bin\Debug\net8.0\Microsoft.Extensions.DependencyInjection.dll
		src\Lab5\Lab5.Runner\bin\Debug\net8.0\Microsoft.Extensions.Diagnostics.Abstractions.dll = src\Lab5\Lab5.Runner\bin\Debug\net8.0\Microsoft.Extensions.Diagnostics.Abstractions.dll
		src\Lab5\Lab5.Runner\bin\Debug\net8.0\Microsoft.Extensions.FileProviders.Abstractions.dll = src\Lab5\Lab5.Runner\bin\Debug\net8.0\Microsoft.Extensions.FileProviders.Abstractions.dll
		src\Lab5\Lab5.Runner\bin\Debug\net8.0\Microsoft.Extensions.Hosting.Abstractions.dll = src\Lab5\Lab5.Runner\bin\Debug\net8.0\Microsoft.Extensions.Hosting.Abstractions.dll
		src\Lab5\Lab5.Runner\bin\Debug\net8.0\Microsoft.Extensions.Logging.Abstractions.dll = src\Lab5\Lab5.Runner\bin\Debug\net8.0\Microsoft.Extensions.Logging.Abstractions.dll
		src\Lab5\Lab5.Runner\bin\Debug\net8.0\Microsoft.Extensions.Logging.dll = src\Lab5\Lab5.Runner\bin\Debug\net8.0\Microsoft.Extensions.Logging.dll
		src\Lab5\Lab5.Runner\bin\Debug\net8.0\Microsoft.Extensions.Options.ConfigurationExtensions.dll = src\Lab5\Lab5.Runner\bin\Debug\net8.0\Microsoft.Extensions.Options.ConfigurationExtensions.dll
		src\Lab5\Lab5.Runner\bin\Debug\net8.0\Microsoft.Extensions.Options.dll = src\Lab5\Lab5.Runner\bin\Debug\net8.0\Microsoft.Extensions.Options.dll
		src\Lab5\Lab5.Runner\bin\Debug\net8.0\Microsoft.Extensions.Primitives.dll = src\Lab5\Lab5.Runner\bin\Debug\net8.0\Microsoft.Extensions.Primitives.dll
		src\Lab5\Lab5.Runner\bin\Debug\net8.0\Microsoft.Identity.Client.dll = src\Lab5\Lab5.Runner\bin\Debug\net8.0\Microsoft.Identity.Client.dll
		src\Lab5\Lab5.Runner\bin\Debug\net8.0\Microsoft.Identity.Client.Extensions.Msal.dll = src\Lab5\Lab5.Runner\bin\Debug\net8.0\Microsoft.Identity.Client.Extensions.Msal.dll
		src\Lab5\Lab5.Runner\bin\Debug\net8.0\Microsoft.IdentityModel.Abstractions.dll = src\Lab5\Lab5.Runner\bin\Debug\net8.0\Microsoft.IdentityModel.Abstractions.dll
		src\Lab5\Lab5.Runner\bin\Debug\net8.0\Microsoft.IdentityModel.JsonWebTokens.dll = src\Lab5\Lab5.Runner\bin\Debug\net8.0\Microsoft.IdentityModel.JsonWebTokens.dll
		src\Lab5\Lab5.Runner\bin\Debug\net8.0\Microsoft.IdentityModel.Logging.dll = src\Lab5\Lab5.Runner\bin\Debug\net8.0\Microsoft.IdentityModel.Logging.dll
		src\Lab5\Lab5.Runner\bin\Debug\net8.0\Microsoft.IdentityModel.Protocols.dll = src\Lab5\Lab5.Runner\bin\Debug\net8.0\Microsoft.IdentityModel.Protocols.dll
		src\Lab5\Lab5.Runner\bin\Debug\net8.0\Microsoft.IdentityModel.Protocols.OpenIdConnect.dll = src\Lab5\Lab5.Runner\bin\Debug\net8.0\Microsoft.IdentityModel.Protocols.OpenIdConnect.dll
		src\Lab5\Lab5.Runner\bin\Debug\net8.0\Microsoft.IdentityModel.Tokens.dll = src\Lab5\Lab5.Runner\bin\Debug\net8.0\Microsoft.IdentityModel.Tokens.dll
		src\Lab5\Lab5.Runner\bin\Debug\net8.0\Microsoft.SqlServer.Server.dll = src\Lab5\Lab5.Runner\bin\Debug\net8.0\Microsoft.SqlServer.Server.dll
		src\Lab5\Lab5.Runner\bin\Debug\net8.0\Microsoft.Win32.SystemEvents.dll = src\Lab5\Lab5.Runner\bin\Debug\net8.0\Microsoft.Win32.SystemEvents.dll
		src\Lab5\Lab5.Runner\bin\Debug\net8.0\Newtonsoft.Json.dll = src\Lab5\Lab5.Runner\bin\Debug\net8.0\Newtonsoft.Json.dll
		src\Lab5\Lab5.Runner\bin\Debug\net8.0\Npgsql.dll = src\Lab5\Lab5.Runner\bin\Debug\net8.0\Npgsql.dll
		src\Lab5\Lab5.Runner\bin\Debug\net8.0\runtimes\unix\lib\net6.0\Microsoft.Data.SqlClient.dll = src\Lab5\Lab5.Runner\bin\Debug\net8.0\runtimes\unix\lib\net6.0\Microsoft.Data.SqlClient.dll
		src\Lab5\Lab5.Runner\bin\Debug\net8.0\runtimes\unix\lib\net6.0\System.Drawing.Common.dll = src\Lab5\Lab5.Runner\bin\Debug\net8.0\runtimes\unix\lib\net6.0\System.Drawing.Common.dll
		src\Lab5\Lab5.Runner\bin\Debug\net8.0\runtimes\win\lib\net6.0\Microsoft.Data.SqlClient.dll = src\Lab5\Lab5.Runner\bin\Debug\net8.0\runtimes\win\lib\net6.0\Microsoft.Data.SqlClient.dll
		src\Lab5\Lab5.Runner\bin\Debug\net8.0\runtimes\win\lib\net6.0\Microsoft.Win32.SystemEvents.dll = src\Lab5\Lab5.Runner\bin\Debug\net8.0\runtimes\win\lib\net6.0\Microsoft.Win32.SystemEvents.dll
		src\Lab5\Lab5.Runner\bin\Debug\net8.0\runtimes\win\lib\net6.0\System.Drawing.Common.dll = src\Lab5\Lab5.Runner\bin\Debug\net8.0\runtimes\win\lib\net6.0\System.Drawing.Common.dll
		src\Lab5\Lab5.Runner\bin\Debug\net8.0\runtimes\win\lib\net6.0\System.Runtime.Caching.dll = src\Lab5\Lab5.Runner\bin\Debug\net8.0\runtimes\win\lib\net6.0\System.Runtime.Caching.dll
		src\Lab5\Lab5.Runner\bin\Debug\net8.0\runtimes\win\lib\net6.0\System.Security.Cryptography.ProtectedData.dll = src\Lab5\Lab5.Runner\bin\Debug\net8.0\runtimes\win\lib\net6.0\System.Security.Cryptography.ProtectedData.dll
		src\Lab5\Lab5.Runner\bin\Debug\net8.0\runtimes\win\lib\net6.0\System.Windows.Extensions.dll = src\Lab5\Lab5.Runner\bin\Debug\net8.0\runtimes\win\lib\net6.0\System.Windows.Extensions.dll
		src\Lab5\Lab5.Runner\bin\Debug\net8.0\runtimes\win-arm\native\Microsoft.Data.SqlClient.SNI.dll = src\Lab5\Lab5.Runner\bin\Debug\net8.0\runtimes\win-arm\native\Microsoft.Data.SqlClient.SNI.dll
		src\Lab5\Lab5.Runner\bin\Debug\net8.0\runtimes\win-arm64\native\Microsoft.Data.SqlClient.SNI.dll = src\Lab5\Lab5.Runner\bin\Debug\net8.0\runtimes\win-arm64\native\Microsoft.Data.SqlClient.SNI.dll
		src\Lab5\Lab5.Runner\bin\Debug\net8.0\runtimes\win-x64\native\Microsoft.Data.SqlClient.SNI.dll = src\Lab5\Lab5.Runner\bin\Debug\net8.0\runtimes\win-x64\native\Microsoft.Data.SqlClient.SNI.dll
		src\Lab5\Lab5.Runner\bin\Debug\net8.0\runtimes\win-x86\native\Microsoft.Data.SqlClient.SNI.dll = src\Lab5\Lab5.Runner\bin\Debug\net8.0\runtimes\win-x86\native\Microsoft.Data.SqlClient.SNI.dll
		src\Lab5\Lab5.Runner\bin\Debug\net8.0\Spectre.Console.dll = src\Lab5\Lab5.Runner\bin\Debug\net8.0\Spectre.Console.dll
		src\Lab5\Lab5.Runner\bin\Debug\net8.0\System.Configuration.ConfigurationManager.dll = src\Lab5\Lab5.Runner\bin\Debug\net8.0\System.Configuration.ConfigurationManager.dll
		src\Lab5\Lab5.Runner\bin\Debug\net8.0\System.Drawing.Common.dll = src\Lab5\Lab5.Runner\bin\Debug\net8.0\System.Drawing.Common.dll
		src\Lab5\Lab5.Runner\bin\Debug\net8.0\System.IdentityModel.Tokens.Jwt.dll = src\Lab5\Lab5.Runner\bin\Debug\net8.0\System.IdentityModel.Tokens.Jwt.dll
		src\Lab5\Lab5.Runner\bin\Debug\net8.0\System.Linq.Async.dll = src\Lab5\Lab5.Runner\bin\Debug\net8.0\System.Linq.Async.dll
		src\Lab5\Lab5.Runner\bin\Debug\net8.0\System.Memory.Data.dll = src\Lab5\Lab5.Runner\bin\Debug\net8.0\System.Memory.Data.dll
		src\Lab5\Lab5.Runner\bin\Debug\net8.0\System.Runtime.Caching.dll = src\Lab5\Lab5.Runner\bin\Debug\net8.0\System.Runtime.Caching.dll
		src\Lab5\Lab5.Runner\bin\Debug\net8.0\System.Security.Cryptography.ProtectedData.dll = src\Lab5\Lab5.Runner\bin\Debug\net8.0\System.Security.Cryptography.ProtectedData.dll
		src\Lab5\Lab5.Runner\bin\Debug\net8.0\System.Security.Permissions.dll = src\Lab5\Lab5.Runner\bin\Debug\net8.0\System.Security.Permissions.dll
		src\Lab5\Lab5.Runner\bin\Debug\net8.0\System.Windows.Extensions.dll = src\Lab5\Lab5.Runner\bin\Debug\net8.0\System.Windows.Extensions.dll
		src\Lab5\Lab5.Runner\Lab5.Runner.csproj = src\Lab5\Lab5.Runner\Lab5.Runner.csproj
		src\Lab5\Lab5.Runner\obj\Debug\net8.0\.NETCoreApp,Version = v8.0.AssemblyAttributes.cs = src\Lab5\Lab5.Runner\obj\Debug\net8.0\.NETCoreApp,Version=v8.0.AssemblyAttributes.cs
		src\Lab5\Lab5.Runner\obj\Debug\net8.0\apphost.exe = src\Lab5\Lab5.Runner\obj\Debug\net8.0\apphost.exe
		src\Lab5\Lab5.Runner\obj\Debug\net8.0\Lab5.Run.D99C38DA.Up2Date = src\Lab5\Lab5.Runner\obj\Debug\net8.0\Lab5.Run.D99C38DA.Up2Date
		src\Lab5\Lab5.Runner\obj\Debug\net8.0\Lab5.Runner.AssemblyInfo.cs = src\Lab5\Lab5.Runner\obj\Debug\net8.0\Lab5.Runner.AssemblyInfo.cs
		src\Lab5\Lab5.Runner\obj\Debug\net8.0\Lab5.Runner.AssemblyInfoInputs.cache = src\Lab5\Lab5.Runner\obj\Debug\net8.0\Lab5.Runner.AssemblyInfoInputs.cache
		src\Lab5\Lab5.Runner\obj\Debug\net8.0\Lab5.Runner.assets.cache = src\Lab5\Lab5.Runner\obj\Debug\net8.0\Lab5.Runner.assets.cache
		src\Lab5\Lab5.Runner\obj\Debug\net8.0\Lab5.Runner.csproj.AssemblyReference.cache = src\Lab5\Lab5.Runner\obj\Debug\net8.0\Lab5.Runner.csproj.AssemblyReference.cache
		src\Lab5\Lab5.Runner\obj\Debug\net8.0\Lab5.Runner.csproj.CoreCompileInputs.cache = src\Lab5\Lab5.Runner\obj\Debug\net8.0\Lab5.Runner.csproj.CoreCompileInputs.cache
		src\Lab5\Lab5.Runner\obj\Debug\net8.0\Lab5.Runner.csproj.FileListAbsolute.txt = src\Lab5\Lab5.Runner\obj\Debug\net8.0\Lab5.Runner.csproj.FileListAbsolute.txt
		src\Lab5\Lab5.Runner\obj\Debug\net8.0\Lab5.Runner.dll = src\Lab5\Lab5.Runner\obj\Debug\net8.0\Lab5.Runner.dll
		src\Lab5\Lab5.Runner\obj\Debug\net8.0\Lab5.Runner.GeneratedMSBuildEditorConfig.editorconfig = src\Lab5\Lab5.Runner\obj\Debug\net8.0\Lab5.Runner.GeneratedMSBuildEditorConfig.editorconfig
		src\Lab5\Lab5.Runner\obj\Debug\net8.0\Lab5.Runner.genruntimeconfig.cache = src\Lab5\Lab5.Runner\obj\Debug\net8.0\Lab5.Runner.genruntimeconfig.cache
		src\Lab5\Lab5.Runner\obj\Debug\net8.0\Lab5.Runner.GlobalUsings.g.cs = src\Lab5\Lab5.Runner\obj\Debug\net8.0\Lab5.Runner.GlobalUsings.g.cs
		src\Lab5\Lab5.Runner\obj\Debug\net8.0\Lab5.Runner.pdb = src\Lab5\Lab5.Runner\obj\Debug\net8.0\Lab5.Runner.pdb
		src\Lab5\Lab5.Runner\obj\Debug\net8.0\Lab5.Runner.sourcelink.json = src\Lab5\Lab5.Runner\obj\Debug\net8.0\Lab5.Runner.sourcelink.json
		src\Lab5\Lab5.Runner\obj\Debug\net8.0\Lab5.Runner.xml = src\Lab5\Lab5.Runner\obj\Debug\net8.0\Lab5.Runner.xml
		src\Lab5\Lab5.Runner\obj\Debug\net8.0\ref\Lab5.Runner.dll = src\Lab5\Lab5.Runner\obj\Debug\net8.0\ref\Lab5.Runner.dll
		src\Lab5\Lab5.Runner\obj\Debug\net8.0\refint\Lab5.Runner.dll = src\Lab5\Lab5.Runner\obj\Debug\net8.0\refint\Lab5.Runner.dll
		src\Lab5\Lab5.Runner\obj\Lab5.Runner.csproj.nuget.dgspec.json = src\Lab5\Lab5.Runner\obj\Lab5.Runner.csproj.nuget.dgspec.json
		src\Lab5\Lab5.Runner\obj\Lab5.Runner.csproj.nuget.g.props = src\Lab5\Lab5.Runner\obj\Lab5.Runner.csproj.nuget.g.props
		src\Lab5\Lab5.Runner\obj\Lab5.Runner.csproj.nuget.g.targets = src\Lab5\Lab5.Runner\obj\Lab5.Runner.csproj.nuget.g.targets
		src\Lab5\Lab5.Runner\obj\project.assets.json = src\Lab5\Lab5.Runner\obj\project.assets.json
		src\Lab5\Lab5.Runner\obj\project.nuget.cache = src\Lab5\Lab5.Runner\obj\project.nuget.cache
		src\Lab5\Lab5.Runner\obj\project.packagespec.json = src\Lab5\Lab5.Runner\obj\project.packagespec.json
		src\Lab5\Lab5.Runner\obj\rider.project.model.nuget.info = src\Lab5\Lab5.Runner\obj\rider.project.model.nuget.info
		src\Lab5\Lab5.Runner\obj\rider.project.restore.info = src\Lab5\Lab5.Runner\obj\rider.project.restore.info
		src\Lab5\Lab5.Runner\Program.cs = src\Lab5\Lab5.Runner\Program.cs
		src\Lab5\Presentation\Lab5.Presentation.Console\bin\Debug\net8.0\Lab5.Abstraction.dll = src\Lab5\Presentation\Lab5.Presentation.Console\bin\Debug\net8.0\Lab5.Abstraction.dll
		src\Lab5\Presentation\Lab5.Presentation.Console\bin\Debug\net8.0\Lab5.Abstraction.pdb = src\Lab5\Presentation\Lab5.Presentation.Console\bin\Debug\net8.0\Lab5.Abstraction.pdb
		src\Lab5\Presentation\Lab5.Presentation.Console\bin\Debug\net8.0\Lab5.Abstraction.xml = src\Lab5\Presentation\Lab5.Presentation.Console\bin\Debug\net8.0\Lab5.Abstraction.xml
		src\Lab5\Presentation\Lab5.Presentation.Console\bin\Debug\net8.0\Lab5.Contracts.dll = src\Lab5\Presentation\Lab5.Presentation.Console\bin\Debug\net8.0\Lab5.Contracts.dll
		src\Lab5\Presentation\Lab5.Presentation.Console\bin\Debug\net8.0\Lab5.Contracts.pdb = src\Lab5\Presentation\Lab5.Presentation.Console\bin\Debug\net8.0\Lab5.Contracts.pdb
		src\Lab5\Presentation\Lab5.Presentation.Console\bin\Debug\net8.0\Lab5.Contracts.xml = src\Lab5\Presentation\Lab5.Presentation.Console\bin\Debug\net8.0\Lab5.Contracts.xml
		src\Lab5\Presentation\Lab5.Presentation.Console\bin\Debug\net8.0\Lab5.Models.dll = src\Lab5\Presentation\Lab5.Presentation.Console\bin\Debug\net8.0\Lab5.Models.dll
		src\Lab5\Presentation\Lab5.Presentation.Console\bin\Debug\net8.0\Lab5.Models.pdb = src\Lab5\Presentation\Lab5.Presentation.Console\bin\Debug\net8.0\Lab5.Models.pdb
		src\Lab5\Presentation\Lab5.Presentation.Console\bin\Debug\net8.0\Lab5.Models.xml = src\Lab5\Presentation\Lab5.Presentation.Console\bin\Debug\net8.0\Lab5.Models.xml
		src\Lab5\Presentation\Lab5.Presentation.Console\bin\Debug\net8.0\Lab5.Presentation.Console.deps.json = src\Lab5\Presentation\Lab5.Presentation.Console\bin\Debug\net8.0\Lab5.Presentation.Console.deps.json
		src\Lab5\Presentation\Lab5.Presentation.Console\bin\Debug\net8.0\Lab5.Presentation.Console.dll = src\Lab5\Presentation\Lab5.Presentation.Console\bin\Debug\net8.0\Lab5.Presentation.Console.dll
		src\Lab5\Presentation\Lab5.Presentation.Console\bin\Debug\net8.0\Lab5.Presentation.Console.pdb = src\Lab5\Presentation\Lab5.Presentation.Console\bin\Debug\net8.0\Lab5.Presentation.Console.pdb
		src\Lab5\Presentation\Lab5.Presentation.Console\bin\Debug\net8.0\Lab5.Presentation.Console.xml = src\Lab5\Presentation\Lab5.Presentation.Console\bin\Debug\net8.0\Lab5.Presentation.Console.xml
		src\Lab5\Presentation\Lab5.Presentation.Console\Extensions\ServiceCollectionExtensions.cs = src\Lab5\Presentation\Lab5.Presentation.Console\Extensions\ServiceCollectionExtensions.cs
		src\Lab5\Presentation\Lab5.Presentation.Console\Lab5.Presentation.Console.csproj = src\Lab5\Presentation\Lab5.Presentation.Console\Lab5.Presentation.Console.csproj
		src\Lab5\Presentation\Lab5.Presentation.Console\obj\Debug\net8.0\.NETCoreApp,Version = v8.0.AssemblyAttributes.cs = src\Lab5\Presentation\Lab5.Presentation.Console\obj\Debug\net8.0\.NETCoreApp,Version=v8.0.AssemblyAttributes.cs
		src\Lab5\Presentation\Lab5.Presentation.Console\obj\Debug\net8.0\Lab5.Pre.B293DEC6.Up2Date = src\Lab5\Presentation\Lab5.Presentation.Console\obj\Debug\net8.0\Lab5.Pre.B293DEC6.Up2Date
		src\Lab5\Presentation\Lab5.Presentation.Console\obj\Debug\net8.0\Lab5.Presentation.Console.AssemblyInfo.cs = src\Lab5\Presentation\Lab5.Presentation.Console\obj\Debug\net8.0\Lab5.Presentation.Console.AssemblyInfo.cs
		src\Lab5\Presentation\Lab5.Presentation.Console\obj\Debug\net8.0\Lab5.Presentation.Console.AssemblyInfoInputs.cache = src\Lab5\Presentation\Lab5.Presentation.Console\obj\Debug\net8.0\Lab5.Presentation.Console.AssemblyInfoInputs.cache
		src\Lab5\Presentation\Lab5.Presentation.Console\obj\Debug\net8.0\Lab5.Presentation.Console.assets.cache = src\Lab5\Presentation\Lab5.Presentation.Console\obj\Debug\net8.0\Lab5.Presentation.Console.assets.cache
		src\Lab5\Presentation\Lab5.Presentation.Console\obj\Debug\net8.0\Lab5.Presentation.Console.csproj.AssemblyReference.cache = src\Lab5\Presentation\Lab5.Presentation.Console\obj\Debug\net8.0\Lab5.Presentation.Console.csproj.AssemblyReference.cache
		src\Lab5\Presentation\Lab5.Presentation.Console\obj\Debug\net8.0\Lab5.Presentation.Console.csproj.CoreCompileInputs.cache = src\Lab5\Presentation\Lab5.Presentation.Console\obj\Debug\net8.0\Lab5.Presentation.Console.csproj.CoreCompileInputs.cache
		src\Lab5\Presentation\Lab5.Presentation.Console\obj\Debug\net8.0\Lab5.Presentation.Console.csproj.FileListAbsolute.txt = src\Lab5\Presentation\Lab5.Presentation.Console\obj\Debug\net8.0\Lab5.Presentation.Console.csproj.FileListAbsolute.txt
		src\Lab5\Presentation\Lab5.Presentation.Console\obj\Debug\net8.0\Lab5.Presentation.Console.dll = src\Lab5\Presentation\Lab5.Presentation.Console\obj\Debug\net8.0\Lab5.Presentation.Console.dll
		src\Lab5\Presentation\Lab5.Presentation.Console\obj\Debug\net8.0\Lab5.Presentation.Console.GeneratedMSBuildEditorConfig.editorconfig = src\Lab5\Presentation\Lab5.Presentation.Console\obj\Debug\net8.0\Lab5.Presentation.Console.GeneratedMSBuildEditorConfig.editorconfig
		src\Lab5\Presentation\Lab5.Presentation.Console\obj\Debug\net8.0\Lab5.Presentation.Console.GlobalUsings.g.cs = src\Lab5\Presentation\Lab5.Presentation.Console\obj\Debug\net8.0\Lab5.Presentation.Console.GlobalUsings.g.cs
		src\Lab5\Presentation\Lab5.Presentation.Console\obj\Debug\net8.0\Lab5.Presentation.Console.pdb = src\Lab5\Presentation\Lab5.Presentation.Console\obj\Debug\net8.0\Lab5.Presentation.Console.pdb
		src\Lab5\Presentation\Lab5.Presentation.Console\obj\Debug\net8.0\Lab5.Presentation.Console.sourcelink.json = src\Lab5\Presentation\Lab5.Presentation.Console\obj\Debug\net8.0\Lab5.Presentation.Console.sourcelink.json
		src\Lab5\Presentation\Lab5.Presentation.Console\obj\Debug\net8.0\Lab5.Presentation.Console.xml = src\Lab5\Presentation\Lab5.Presentation.Console\obj\Debug\net8.0\Lab5.Presentation.Console.xml
		src\Lab5\Presentation\Lab5.Presentation.Console\obj\Debug\net8.0\ref\Lab5.Presentation.Console.dll = src\Lab5\Presentation\Lab5.Presentation.Console\obj\Debug\net8.0\ref\Lab5.Presentation.Console.dll
		src\Lab5\Presentation\Lab5.Presentation.Console\obj\Debug\net8.0\refint\Lab5.Presentation.Console.dll = src\Lab5\Presentation\Lab5.Presentation.Console\obj\Debug\net8.0\refint\Lab5.Presentation.Console.dll
		src\Lab5\Presentation\Lab5.Presentation.Console\obj\Lab5.Presentation.Console.csproj.nuget.dgspec.json = src\Lab5\Presentation\Lab5.Presentation.Console\obj\Lab5.Presentation.Console.csproj.nuget.dgspec.json
		src\Lab5\Presentation\Lab5.Presentation.Console\obj\Lab5.Presentation.Console.csproj.nuget.g.props = src\Lab5\Presentation\Lab5.Presentation.Console\obj\Lab5.Presentation.Console.csproj.nuget.g.props
		src\Lab5\Presentation\Lab5.Presentation.Console\obj\Lab5.Presentation.Console.csproj.nuget.g.targets = src\Lab5\Presentation\Lab5.Presentation.Console\obj\Lab5.Presentation.Console.csproj.nuget.g.targets
		src\Lab5\Presentation\Lab5.Presentation.Console\obj\project.assets.json = src\Lab5\Presentation\Lab5.Presentation.Console\obj\project.assets.json
		src\Lab5\Presentation\Lab5.Presentation.Console\obj\project.nuget.cache = src\Lab5\Presentation\Lab5.Presentation.Console\obj\project.nuget.cache
		src\Lab5\Presentation\Lab5.Presentation.Console\obj\project.packagespec.json = src\Lab5\Presentation\Lab5.Presentation.Console\obj\project.packagespec.json
		src\Lab5\Presentation\Lab5.Presentation.Console\obj\rider.project.model.nuget.info = src\Lab5\Presentation\Lab5.Presentation.Console\obj\rider.project.model.nuget.info
		src\Lab5\Presentation\Lab5.Presentation.Console\obj\rider.project.restore.info = src\Lab5\Presentation\Lab5.Presentation.Console\obj\rider.project.restore.info
		src\Lab5\Presentation\Lab5.Presentation.Console\Scenarios\AdminPassword\ChangeAdminPasswordScenario.cs = src\Lab5\Presentation\Lab5.Presentation.Console\Scenarios\AdminPassword\ChangeAdminPasswordScenario.cs
		src\Lab5\Presentation\Lab5.Presentation.Console\Scenarios\AdminPassword\ChangeAdminPasswordScenarioProvider.cs = src\Lab5\Presentation\Lab5.Presentation.Console\Scenarios\AdminPassword\ChangeAdminPasswordScenarioProvider.cs
		src\Lab5\Presentation\Lab5.Presentation.Console\Scenarios\Authentication\AdminLogout\AdminLogoutScenario.cs = src\Lab5\Presentation\Lab5.Presentation.Console\Scenarios\Authentication\AdminLogout\AdminLogoutScenario.cs
		src\Lab5\Presentation\Lab5.Presentation.Console\Scenarios\Authentication\AdminLogout\AdminLogoutScenarioProvider.cs = src\Lab5\Presentation\Lab5.Presentation.Console\Scenarios\Authentication\AdminLogout\AdminLogoutScenarioProvider.cs
		src\Lab5\Presentation\Lab5.Presentation.Console\Scenarios\Authentication\ClientLogout\ClientLogoutScenario.cs = src\Lab5\Presentation\Lab5.Presentation.Console\Scenarios\Authentication\ClientLogout\ClientLogoutScenario.cs
		src\Lab5\Presentation\Lab5.Presentation.Console\Scenarios\Authentication\ClientLogout\ClientLogoutScenarioProvider.cs = src\Lab5\Presentation\Lab5.Presentation.Console\Scenarios\Authentication\ClientLogout\ClientLogoutScenarioProvider.cs
		src\Lab5\Presentation\Lab5.Presentation.Console\Scenarios\Authentication\LoginAsAdmin\AdminLoginScenario.cs = src\Lab5\Presentation\Lab5.Presentation.Console\Scenarios\Authentication\LoginAsAdmin\AdminLoginScenario.cs
		src\Lab5\Presentation\Lab5.Presentation.Console\Scenarios\Authentication\LoginAsAdmin\AdminLoginScenarioProvider.cs = src\Lab5\Presentation\Lab5.Presentation.Console\Scenarios\Authentication\LoginAsAdmin\AdminLoginScenarioProvider.cs
		src\Lab5\Presentation\Lab5.Presentation.Console\Scenarios\Authentication\LoginAsClient\ClientLoginScenario.cs = src\Lab5\Presentation\Lab5.Presentation.Console\Scenarios\Authentication\LoginAsClient\ClientLoginScenario.cs
		src\Lab5\Presentation\Lab5.Presentation.Console\Scenarios\Authentication\LoginAsClient\ClientLoginScenarioProvider.cs = src\Lab5\Presentation\Lab5.Presentation.Console\Scenarios\Authentication\LoginAsClient\ClientLoginScenarioProvider.cs
		src\Lab5\Presentation\Lab5.Presentation.Console\Scenarios\BankAccounts\CheckBalance\CheckBalanceScenario.cs = src\Lab5\Presentation\Lab5.Presentation.Console\Scenarios\BankAccounts\CheckBalance\CheckBalanceScenario.cs
		src\Lab5\Presentation\Lab5.Presentation.Console\Scenarios\BankAccounts\CheckBalance\CheckBalanceScenarioProvider.cs = src\Lab5\Presentation\Lab5.Presentation.Console\Scenarios\BankAccounts\CheckBalance\CheckBalanceScenarioProvider.cs
		src\Lab5\Presentation\Lab5.Presentation.Console\Scenarios\BankAccounts\CheckHistory\CheckHistoryScenario.cs = src\Lab5\Presentation\Lab5.Presentation.Console\Scenarios\BankAccounts\CheckHistory\CheckHistoryScenario.cs
		src\Lab5\Presentation\Lab5.Presentation.Console\Scenarios\BankAccounts\CheckHistory\CheckHistoryScenarioProvider.cs = src\Lab5\Presentation\Lab5.Presentation.Console\Scenarios\BankAccounts\CheckHistory\CheckHistoryScenarioProvider.cs
		src\Lab5\Presentation\Lab5.Presentation.Console\Scenarios\BankAccounts\CreateAccount\CreateBankAccountScenario.cs = src\Lab5\Presentation\Lab5.Presentation.Console\Scenarios\BankAccounts\CreateAccount\CreateBankAccountScenario.cs
		src\Lab5\Presentation\Lab5.Presentation.Console\Scenarios\BankAccounts\CreateAccount\CreateBankAccountScenarioProvider.cs = src\Lab5\Presentation\Lab5.Presentation.Console\Scenarios\BankAccounts\CreateAccount\CreateBankAccountScenarioProvider.cs
		src\Lab5\Presentation\Lab5.Presentation.Console\Scenarios\BankAccounts\Deposit\DepositScenario.cs = src\Lab5\Presentation\Lab5.Presentation.Console\Scenarios\BankAccounts\Deposit\DepositScenario.cs
		src\Lab5\Presentation\Lab5.Presentation.Console\Scenarios\BankAccounts\Deposit\DepositScenarioProvider.cs = src\Lab5\Presentation\Lab5.Presentation.Console\Scenarios\BankAccounts\Deposit\DepositScenarioProvider.cs
		src\Lab5\Presentation\Lab5.Presentation.Console\Scenarios\BankAccounts\Withdraw\WithdrawScenario.cs = src\Lab5\Presentation\Lab5.Presentation.Console\Scenarios\BankAccounts\Withdraw\WithdrawScenario.cs
		src\Lab5\Presentation\Lab5.Presentation.Console\Scenarios\BankAccounts\Withdraw\WithdrawScenarioProvider.cs = src\Lab5\Presentation\Lab5.Presentation.Console\Scenarios\BankAccounts\Withdraw\WithdrawScenarioProvider.cs
		src\Lab5\Presentation\Lab5.Presentation.Console\Scenarios\IScenario.cs = src\Lab5\Presentation\Lab5.Presentation.Console\Scenarios\IScenario.cs
		src\Lab5\Presentation\Lab5.Presentation.Console\Scenarios\IScenarioProvider.cs = src\Lab5\Presentation\Lab5.Presentation.Console\Scenarios\IScenarioProvider.cs
		src\Lab5\Presentation\Lab5.Presentation.Console\Scenarios\ScenarioRunner.cs = src\Lab5\Presentation\Lab5.Presentation.Console\Scenarios\ScenarioRunner.cs
	EndProjectSection
EndProject
Project("{2150E333-8FDC-42A3-9474-1A3956D46DE8}") = "tests", "tests", "{ABD7D257-AE9C-4DCB-9224-80938748474C}"
EndProject
Project("{FAE04EC0-301F-11D3-BF4B-00C04F79EFBC}") = "Lab1", "src\Lab1\Lab1.csproj", "{25EFCB64-8B06-4F6A-BBFD-9F713438637F}"
EndProject
Project("{FAE04EC0-301F-11D3-BF4B-00C04F79EFBC}") = "Lab2", "src\Lab2\Lab2.csproj", "{7392F3A8-8E4F-4353-9023-51F0DCF56416}"
EndProject
Project("{FAE04EC0-301F-11D3-BF4B-00C04F79EFBC}") = "Lab3", "src\Lab3\Lab3.csproj", "{9CC87A20-A988-4109-B1B4-AF1E8C634110}"
EndProject
Project("{FAE04EC0-301F-11D3-BF4B-00C04F79EFBC}") = "Lab4", "src\Lab4\Lab4.csproj", "{00526AC5-5908-441E-ADA5-2E8BBC91919F}"
EndProject
Project("{FAE04EC0-301F-11D3-BF4B-00C04F79EFBC}") = "Lab1.Tests", "tests\Lab1.Tests\Lab1.Tests.csproj", "{FAE8F20B-EB2D-4E9F-A9C9-69761E5B4604}"
EndProject
Project("{FAE04EC0-301F-11D3-BF4B-00C04F79EFBC}") = "Lab2.Tests", "tests\Lab2.Tests\Lab2.Tests.csproj", "{7D2B8E68-304A-4946-987E-4F29F0FCC3A4}"
EndProject
Project("{FAE04EC0-301F-11D3-BF4B-00C04F79EFBC}") = "Lab3.Tests", "tests\Lab3.Tests\Lab3.Tests.csproj", "{3A3ABC1F-44EE-41D7-B0F1-F0D962E5746B}"
EndProject
Project("{FAE04EC0-301F-11D3-BF4B-00C04F79EFBC}") = "Lab4.Tests", "tests\Lab4.Tests\Lab4.Tests.csproj", "{2BC795FD-9FAC-419E-A8A5-4C432451CBD1}"
EndProject
Project("{FAE04EC0-301F-11D3-BF4B-00C04F79EFBC}") = "Lab5.Tests", "tests\Lab5.Tests\Lab5.Tests.csproj", "{6B113055-EABD-4475-9A6B-C54320ED1F26}"
EndProject
Project("{2150E333-8FDC-42A3-9474-1A3956D46DE8}") = "common", "common", "{3DB12F6C-143E-4086-BCB2-2EC3461BC353}"
	ProjectSection(SolutionItems) = preProject
		Directory.Packages.props = Directory.Packages.props
		Directory.Build.props = Directory.Build.props
		.gitignore = .gitignore
		.editorconfig = .editorconfig
	EndProjectSection
EndProject
Project("{2150E333-8FDC-42A3-9474-1A3956D46DE8}") = "Lab5", "Lab5", "{5A7CD7E0-EAE9-49E7-BE7D-888B0F70EF2A}"
	ProjectSection(SolutionItems) = preProject
		src\Lab5\docker-compose.yaml = src\Lab5\docker-compose.yaml
	EndProjectSection
EndProject
Project("{2150E333-8FDC-42A3-9474-1A3956D46DE8}") = "Application", "Application", "{5CB443AA-F97C-4F76-9D6D-17701B2B92C5}"
EndProject
Project("{2150E333-8FDC-42A3-9474-1A3956D46DE8}") = "Infrastructure", "Infrastructure", "{4BB455C4-34E3-4AB6-BCC4-7F6D1219209F}"
EndProject
Project("{2150E333-8FDC-42A3-9474-1A3956D46DE8}") = "Presentation", "Presentation", "{BF264CAA-8499-4F5C-A32E-7D69D9592AF9}"
EndProject
Project("{FAE04EC0-301F-11D3-BF4B-00C04F79EFBC}") = "Lab5.Abstraction", "src\Lab5\Application\Lab5.Abstraction\Lab5.Abstraction.csproj", "{241D344F-8159-47C8-81C9-CD665BF6F4D2}"
EndProject
Project("{FAE04EC0-301F-11D3-BF4B-00C04F79EFBC}") = "Lab5.Application", "src\Lab5\Application\Lab5.Application\Lab5.Application.csproj", "{1F392C57-F042-4035-B81A-1994A9E99F4B}"
EndProject
Project("{FAE04EC0-301F-11D3-BF4B-00C04F79EFBC}") = "Lab5.Contracts", "src\Lab5\Application\Lab5.Contracts\Lab5.Contracts.csproj", "{00C9946C-1398-4339-BBAA-1EEFC664597D}"
EndProject
Project("{FAE04EC0-301F-11D3-BF4B-00C04F79EFBC}") = "Lab5.Models", "src\Lab5\Application\Lab5.Models\Lab5.Models.csproj", "{B32D0962-078B-49AC-BE17-3042E4FB8ED3}"
EndProject
Project("{FAE04EC0-301F-11D3-BF4B-00C04F79EFBC}") = "Lab5.Infrastructure.DataAccess", "src\Lab5\Infrastructure\Lab5.Infrastructure.DataAccess\Lab5.Infrastructure.DataAccess.csproj", "{2C023719-776C-4555-92AE-5EE893383248}"
EndProject
Project("{FAE04EC0-301F-11D3-BF4B-00C04F79EFBC}") = "Lab5.Presentation.Console", "src\Lab5\Presentation\Lab5.Presentation.Console\Lab5.Presentation.Console.csproj", "{C5A95CDB-0F3A-4363-AFE9-CB8B7C69172D}"
EndProject
Project("{FAE04EC0-301F-11D3-BF4B-00C04F79EFBC}") = "Lab5.Runner", "src\Lab5\Lab5.Runner\Lab5.Runner.csproj", "{A4A62A63-0AAA-40B8-86AC-54AEC30FBF67}"
EndProject
Global
	GlobalSection(SolutionConfigurationPlatforms) = preSolution
		Debug|Any CPU = Debug|Any CPU
		Release|Any CPU = Release|Any CPU
	EndGlobalSection
	GlobalSection(NestedProjects) = preSolution
		{25EFCB64-8B06-4F6A-BBFD-9F713438637F} = {3A8B6812-B42A-4F1B-962F-E4C2696A6F46}
		{7392F3A8-8E4F-4353-9023-51F0DCF56416} = {3A8B6812-B42A-4F1B-962F-E4C2696A6F46}
		{9CC87A20-A988-4109-B1B4-AF1E8C634110} = {3A8B6812-B42A-4F1B-962F-E4C2696A6F46}
		{00526AC5-5908-441E-ADA5-2E8BBC91919F} = {3A8B6812-B42A-4F1B-962F-E4C2696A6F46}
		{FAE8F20B-EB2D-4E9F-A9C9-69761E5B4604} = {ABD7D257-AE9C-4DCB-9224-80938748474C}
		{7D2B8E68-304A-4946-987E-4F29F0FCC3A4} = {ABD7D257-AE9C-4DCB-9224-80938748474C}
		{3A3ABC1F-44EE-41D7-B0F1-F0D962E5746B} = {ABD7D257-AE9C-4DCB-9224-80938748474C}
		{2BC795FD-9FAC-419E-A8A5-4C432451CBD1} = {ABD7D257-AE9C-4DCB-9224-80938748474C}
		{6B113055-EABD-4475-9A6B-C54320ED1F26} = {ABD7D257-AE9C-4DCB-9224-80938748474C}
		{5A7CD7E0-EAE9-49E7-BE7D-888B0F70EF2A} = {3A8B6812-B42A-4F1B-962F-E4C2696A6F46}
		{5CB443AA-F97C-4F76-9D6D-17701B2B92C5} = {5A7CD7E0-EAE9-49E7-BE7D-888B0F70EF2A}
		{4BB455C4-34E3-4AB6-BCC4-7F6D1219209F} = {5A7CD7E0-EAE9-49E7-BE7D-888B0F70EF2A}
		{BF264CAA-8499-4F5C-A32E-7D69D9592AF9} = {5A7CD7E0-EAE9-49E7-BE7D-888B0F70EF2A}
		{241D344F-8159-47C8-81C9-CD665BF6F4D2} = {5CB443AA-F97C-4F76-9D6D-17701B2B92C5}
		{1F392C57-F042-4035-B81A-1994A9E99F4B} = {5CB443AA-F97C-4F76-9D6D-17701B2B92C5}
		{00C9946C-1398-4339-BBAA-1EEFC664597D} = {5CB443AA-F97C-4F76-9D6D-17701B2B92C5}
		{B32D0962-078B-49AC-BE17-3042E4FB8ED3} = {5CB443AA-F97C-4F76-9D6D-17701B2B92C5}
		{2C023719-776C-4555-92AE-5EE893383248} = {4BB455C4-34E3-4AB6-BCC4-7F6D1219209F}
		{C5A95CDB-0F3A-4363-AFE9-CB8B7C69172D} = {BF264CAA-8499-4F5C-A32E-7D69D9592AF9}
		{A4A62A63-0AAA-40B8-86AC-54AEC30FBF67} = {5A7CD7E0-EAE9-49E7-BE7D-888B0F70EF2A}
	EndGlobalSection
	GlobalSection(ProjectConfigurationPlatforms) = postSolution
		{25EFCB64-8B06-4F6A-BBFD-9F713438637F}.Debug|Any CPU.ActiveCfg = Debug|Any CPU
		{25EFCB64-8B06-4F6A-BBFD-9F713438637F}.Debug|Any CPU.Build.0 = Debug|Any CPU
		{25EFCB64-8B06-4F6A-BBFD-9F713438637F}.Release|Any CPU.ActiveCfg = Release|Any CPU
		{25EFCB64-8B06-4F6A-BBFD-9F713438637F}.Release|Any CPU.Build.0 = Release|Any CPU
		{7392F3A8-8E4F-4353-9023-51F0DCF56416}.Debug|Any CPU.ActiveCfg = Debug|Any CPU
		{7392F3A8-8E4F-4353-9023-51F0DCF56416}.Debug|Any CPU.Build.0 = Debug|Any CPU
		{7392F3A8-8E4F-4353-9023-51F0DCF56416}.Release|Any CPU.ActiveCfg = Release|Any CPU
		{7392F3A8-8E4F-4353-9023-51F0DCF56416}.Release|Any CPU.Build.0 = Release|Any CPU
		{9CC87A20-A988-4109-B1B4-AF1E8C634110}.Debug|Any CPU.ActiveCfg = Debug|Any CPU
		{9CC87A20-A988-4109-B1B4-AF1E8C634110}.Debug|Any CPU.Build.0 = Debug|Any CPU
		{9CC87A20-A988-4109-B1B4-AF1E8C634110}.Release|Any CPU.ActiveCfg = Release|Any CPU
		{9CC87A20-A988-4109-B1B4-AF1E8C634110}.Release|Any CPU.Build.0 = Release|Any CPU
		{00526AC5-5908-441E-ADA5-2E8BBC91919F}.Debug|Any CPU.ActiveCfg = Debug|Any CPU
		{00526AC5-5908-441E-ADA5-2E8BBC91919F}.Debug|Any CPU.Build.0 = Debug|Any CPU
		{00526AC5-5908-441E-ADA5-2E8BBC91919F}.Release|Any CPU.ActiveCfg = Release|Any CPU
		{00526AC5-5908-441E-ADA5-2E8BBC91919F}.Release|Any CPU.Build.0 = Release|Any CPU
		{FAE8F20B-EB2D-4E9F-A9C9-69761E5B4604}.Debug|Any CPU.ActiveCfg = Debug|Any CPU
		{FAE8F20B-EB2D-4E9F-A9C9-69761E5B4604}.Debug|Any CPU.Build.0 = Debug|Any CPU
		{FAE8F20B-EB2D-4E9F-A9C9-69761E5B4604}.Release|Any CPU.ActiveCfg = Release|Any CPU
		{FAE8F20B-EB2D-4E9F-A9C9-69761E5B4604}.Release|Any CPU.Build.0 = Release|Any CPU
		{7D2B8E68-304A-4946-987E-4F29F0FCC3A4}.Debug|Any CPU.ActiveCfg = Debug|Any CPU
		{7D2B8E68-304A-4946-987E-4F29F0FCC3A4}.Debug|Any CPU.Build.0 = Debug|Any CPU
		{7D2B8E68-304A-4946-987E-4F29F0FCC3A4}.Release|Any CPU.ActiveCfg = Release|Any CPU
		{7D2B8E68-304A-4946-987E-4F29F0FCC3A4}.Release|Any CPU.Build.0 = Release|Any CPU
		{3A3ABC1F-44EE-41D7-B0F1-F0D962E5746B}.Debug|Any CPU.ActiveCfg = Debug|Any CPU
		{3A3ABC1F-44EE-41D7-B0F1-F0D962E5746B}.Debug|Any CPU.Build.0 = Debug|Any CPU
		{3A3ABC1F-44EE-41D7-B0F1-F0D962E5746B}.Release|Any CPU.ActiveCfg = Release|Any CPU
		{3A3ABC1F-44EE-41D7-B0F1-F0D962E5746B}.Release|Any CPU.Build.0 = Release|Any CPU
		{2BC795FD-9FAC-419E-A8A5-4C432451CBD1}.Debug|Any CPU.ActiveCfg = Debug|Any CPU
		{2BC795FD-9FAC-419E-A8A5-4C432451CBD1}.Debug|Any CPU.Build.0 = Debug|Any CPU
		{2BC795FD-9FAC-419E-A8A5-4C432451CBD1}.Release|Any CPU.ActiveCfg = Release|Any CPU
		{2BC795FD-9FAC-419E-A8A5-4C432451CBD1}.Release|Any CPU.Build.0 = Release|Any CPU
		{6B113055-EABD-4475-9A6B-C54320ED1F26}.Debug|Any CPU.ActiveCfg = Debug|Any CPU
		{6B113055-EABD-4475-9A6B-C54320ED1F26}.Debug|Any CPU.Build.0 = Debug|Any CPU
		{6B113055-EABD-4475-9A6B-C54320ED1F26}.Release|Any CPU.ActiveCfg = Release|Any CPU
		{6B113055-EABD-4475-9A6B-C54320ED1F26}.Release|Any CPU.Build.0 = Release|Any CPU
		{241D344F-8159-47C8-81C9-CD665BF6F4D2}.Debug|Any CPU.ActiveCfg = Debug|Any CPU
		{241D344F-8159-47C8-81C9-CD665BF6F4D2}.Debug|Any CPU.Build.0 = Debug|Any CPU
		{241D344F-8159-47C8-81C9-CD665BF6F4D2}.Release|Any CPU.ActiveCfg = Release|Any CPU
		{241D344F-8159-47C8-81C9-CD665BF6F4D2}.Release|Any CPU.Build.0 = Release|Any CPU
		{1F392C57-F042-4035-B81A-1994A9E99F4B}.Debug|Any CPU.ActiveCfg = Debug|Any CPU
		{1F392C57-F042-4035-B81A-1994A9E99F4B}.Debug|Any CPU.Build.0 = Debug|Any CPU
		{1F392C57-F042-4035-B81A-1994A9E99F4B}.Release|Any CPU.ActiveCfg = Release|Any CPU
		{1F392C57-F042-4035-B81A-1994A9E99F4B}.Release|Any CPU.Build.0 = Release|Any CPU
		{00C9946C-1398-4339-BBAA-1EEFC664597D}.Debug|Any CPU.ActiveCfg = Debug|Any CPU
		{00C9946C-1398-4339-BBAA-1EEFC664597D}.Debug|Any CPU.Build.0 = Debug|Any CPU
		{00C9946C-1398-4339-BBAA-1EEFC664597D}.Release|Any CPU.ActiveCfg = Release|Any CPU
		{00C9946C-1398-4339-BBAA-1EEFC664597D}.Release|Any CPU.Build.0 = Release|Any CPU
		{B32D0962-078B-49AC-BE17-3042E4FB8ED3}.Debug|Any CPU.ActiveCfg = Debug|Any CPU
		{B32D0962-078B-49AC-BE17-3042E4FB8ED3}.Debug|Any CPU.Build.0 = Debug|Any CPU
		{B32D0962-078B-49AC-BE17-3042E4FB8ED3}.Release|Any CPU.ActiveCfg = Release|Any CPU
		{B32D0962-078B-49AC-BE17-3042E4FB8ED3}.Release|Any CPU.Build.0 = Release|Any CPU
		{2C023719-776C-4555-92AE-5EE893383248}.Debug|Any CPU.ActiveCfg = Debug|Any CPU
		{2C023719-776C-4555-92AE-5EE893383248}.Debug|Any CPU.Build.0 = Debug|Any CPU
		{2C023719-776C-4555-92AE-5EE893383248}.Release|Any CPU.ActiveCfg = Release|Any CPU
		{2C023719-776C-4555-92AE-5EE893383248}.Release|Any CPU.Build.0 = Release|Any CPU
		{C5A95CDB-0F3A-4363-AFE9-CB8B7C69172D}.Debug|Any CPU.ActiveCfg = Debug|Any CPU
		{C5A95CDB-0F3A-4363-AFE9-CB8B7C69172D}.Debug|Any CPU.Build.0 = Debug|Any CPU
		{C5A95CDB-0F3A-4363-AFE9-CB8B7C69172D}.Release|Any CPU.ActiveCfg = Release|Any CPU
		{C5A95CDB-0F3A-4363-AFE9-CB8B7C69172D}.Release|Any CPU.Build.0 = Release|Any CPU
		{A4A62A63-0AAA-40B8-86AC-54AEC30FBF67}.Debug|Any CPU.ActiveCfg = Debug|Any CPU
		{A4A62A63-0AAA-40B8-86AC-54AEC30FBF67}.Debug|Any CPU.Build.0 = Debug|Any CPU
		{A4A62A63-0AAA-40B8-86AC-54AEC30FBF67}.Release|Any CPU.ActiveCfg = Release|Any CPU
		{A4A62A63-0AAA-40B8-86AC-54AEC30FBF67}.Release|Any CPU.Build.0 = Release|Any CPU
	EndGlobalSection
EndGlobal
